
Microsoft Visual Studio Solution File, Format Version 12.00
# Visual Studio Version 17
VisualStudioVersion = 17.0.32002.185
MinimumVisualStudioVersion = 10.0.40219.1
Project("{2150E333-8FDC-42A3-9474-1A3956D46DE8}") = "Libraries", "Libraries", "{E4ACA93B-D3DE-4557-B069-F1DB42925A4B}"
EndProject
Project("{2150E333-8FDC-42A3-9474-1A3956D46DE8}") = "Presentation", "Presentation", "{B09156FB-8291-46A2-AF37-67CE97CFB5A6}"
EndProject
Project("{2150E333-8FDC-42A3-9474-1A3956D46DE8}") = "Plugins", "Plugins", "{7881B112-7843-4542-B1F7-F99553FB9BB7}"
EndProject
Project("{9A19103F-16F7-4668-BE54-9A1E7A4F7556}") = "Nop.Web", "Presentation\Nop.Web\Nop.Web.csproj", "{4F1F649C-1020-45BE-A487-F416D9297FF3}"
EndProject
Project("{9A19103F-16F7-4668-BE54-9A1E7A4F7556}") = "Nop.Core", "Libraries\Nop.Core\Nop.Core.csproj", "{6BDA8332-939F-45B7-A25E-7A797260AE59}"
EndProject
Project("{9A19103F-16F7-4668-BE54-9A1E7A4F7556}") = "Nop.Data", "Libraries\Nop.Data\Nop.Data.csproj", "{CCD7F2C9-6A2C-4CF0-8E89-076B8FC0F144}"
EndProject
Project("{9A19103F-16F7-4668-BE54-9A1E7A4F7556}") = "Nop.Services", "Libraries\Nop.Services\Nop.Services.csproj", "{210541AD-F659-47DA-8763-16F36C5CD2F4}"
EndProject
Project("{9A19103F-16F7-4668-BE54-9A1E7A4F7556}") = "Nop.Plugin.Payments.Manual", "Plugins\Nop.Plugin.Payments.Manual\Nop.Plugin.Payments.Manual.csproj", "{9A7B9344-6AD0-4828-876D-0BF14C177148}"
EndProject
Project("{9A19103F-16F7-4668-BE54-9A1E7A4F7556}") = "Nop.Web.Framework", "Presentation\Nop.Web.Framework\Nop.Web.Framework.csproj", "{75FD4163-333C-4DD5-854D-2EF294E45D94}"
EndProject
Project("{9A19103F-16F7-4668-BE54-9A1E7A4F7556}") = "Nop.Plugin.Shipping.UPS", "Plugins\Nop.Plugin.Shipping.UPS\Nop.Plugin.Shipping.UPS.csproj", "{98CA7487-6ADE-4773-BD0A-29255F443236}"
EndProject
Project("{9A19103F-16F7-4668-BE54-9A1E7A4F7556}") = "Nop.Plugin.Payments.CheckMoneyOrder", "Plugins\Nop.Plugin.Payments.CheckMoneyOrder\Nop.Plugin.Payments.CheckMoneyOrder.csproj", "{5422ED35-2808-4790-B5E6-C86A383B2874}"
EndProject
Project("{9A19103F-16F7-4668-BE54-9A1E7A4F7556}") = "Nop.Plugin.Widgets.GoogleAnalytics", "Plugins\Nop.Plugin.Widgets.GoogleAnalytics\Nop.Plugin.Widgets.GoogleAnalytics.csproj", "{C2B83AF5-80F6-4B8C-8628-FA7DE10C3BB5}"
EndProject
Project("{9A19103F-16F7-4668-BE54-9A1E7A4F7556}") = "Nop.Plugin.ExternalAuth.Facebook", "Plugins\Nop.Plugin.ExternalAuth.Facebook\Nop.Plugin.ExternalAuth.Facebook.csproj", "{446FED73-BCA1-4D8F-BC13-EA1507C7EF29}"
EndProject
Project("{9A19103F-16F7-4668-BE54-9A1E7A4F7556}") = "Nop.Plugin.Widgets.NivoSlider", "Plugins\Nop.Plugin.Widgets.NivoSlider\Nop.Plugin.Widgets.NivoSlider.csproj", "{9978B382-0BCD-4621-B6B5-52E0E3B5F464}"
EndProject
Project("{9A19103F-16F7-4668-BE54-9A1E7A4F7556}") = "Nop.Plugin.ExchangeRate.EcbExchange", "Plugins\Nop.Plugin.ExchangeRate.EcbExchange\Nop.Plugin.ExchangeRate.EcbExchange.csproj", "{6DF00C56-EC49-4AB8-8B29-404E3694026C}"
EndProject
Project("{9A19103F-16F7-4668-BE54-9A1E7A4F7556}") = "Nop.Plugin.Pickup.PickupInStore", "Plugins\Nop.Plugin.Pickup.PickupInStore\Nop.Plugin.Pickup.PickupInStore.csproj", "{06C88D0B-A276-4D3D-8BE5-7C58BF3072E3}"
EndProject
Project("{9A19103F-16F7-4668-BE54-9A1E7A4F7556}") = "Nop.Plugin.Shipping.FixedByWeightByTotal", "Plugins\Nop.Plugin.Shipping.FixedByWeightByTotal\Nop.Plugin.Shipping.FixedByWeightByTotal.csproj", "{560768D4-7E1D-4431-99F0-CC14C255E167}"
EndProject
Project("{9A19103F-16F7-4668-BE54-9A1E7A4F7556}") = "Nop.Plugin.Tax.FixedOrByCountryStateZip", "Plugins\Nop.Plugin.Tax.FixedOrByCountryStateZip\Nop.Plugin.Tax.FixedOrByCountryStateZip.csproj", "{493761CB-5190-4283-8C6C-A8CEB5450CAB}"
EndProject
Project("{9A19103F-16F7-4668-BE54-9A1E7A4F7556}") = "Nop.Plugin.DiscountRules.CustomerRoles", "Plugins\Nop.Plugin.DiscountRules.CustomerRoles\Nop.Plugin.DiscountRules.CustomerRoles.csproj", "{4C0C889A-A3B2-43FA-824A-F529402C1BBF}"
EndProject
Project("{9A19103F-16F7-4668-BE54-9A1E7A4F7556}") = "Nop.Plugin.Misc.Brevo", "Plugins\Nop.Plugin.Misc.Brevo\Nop.Plugin.Misc.Brevo.csproj", "{7B08DACB-8E11-416D-9DDF-B0EEF847A8ED}"
EndProject
Project("{9A19103F-16F7-4668-BE54-9A1E7A4F7556}") = "Nop.Plugin.Tax.Avalara", "Plugins\Nop.Plugin.Tax.Avalara\Nop.Plugin.Tax.Avalara.csproj", "{2426B75D-23D4-41EF-8924-47650C8A18C7}"
EndProject
Project("{9A19103F-16F7-4668-BE54-9A1E7A4F7556}") = "Nop.Plugin.Widgets.FacebookPixel", "Plugins\Nop.Plugin.Widgets.FacebookPixel\Nop.Plugin.Widgets.FacebookPixel.csproj", "{87013DC8-D032-465B-A950-753E4EB15502}"
EndProject
Project("{9A19103F-16F7-4668-BE54-9A1E7A4F7556}") = "Nop.Plugin.MultiFactorAuth.GoogleAuthenticator", "Plugins\Nop.Plugin.MultiFactorAuth.GoogleAuthenticator\Nop.Plugin.MultiFactorAuth.GoogleAuthenticator.csproj", "{F9F61CE0-6FC0-43A5-930A-A27099F4DE44}"
EndProject
Project("{2150E333-8FDC-42A3-9474-1A3956D46DE8}") = "Tests", "Tests", "{E8FC6874-E230-468A-9685-4747354B92FF}"
EndProject
Project("{9A19103F-16F7-4668-BE54-9A1E7A4F7556}") = "Nop.Tests", "Tests\Nop.Tests\Nop.Tests.csproj", "{FD31C133-B4DE-4BB2-B327-1D0E2F2C95D4}"
EndProject
Project("{9A19103F-16F7-4668-BE54-9A1E7A4F7556}") = "Nop.Plugin.Payments.PayPalCommerce", "Plugins\Nop.Plugin.Payments.PayPalCommerce\Nop.Plugin.Payments.PayPalCommerce.csproj", "{2FB1BE79-084E-4381-A913-74E18F174D64}"
EndProject
Project("{9A19103F-16F7-4668-BE54-9A1E7A4F7556}") = "Nop.Plugin.Widgets.What3words", "Plugins\Nop.Plugin.Widgets.What3words\Nop.Plugin.Widgets.What3words.csproj", "{CF2A6564-C31D-4A2A-B42A-6BCA38F25219}"
EndProject
Project("{9A19103F-16F7-4668-BE54-9A1E7A4F7556}") = "Nop.Plugin.Payments.CyberSource", "Plugins\Nop.Plugin.Payments.CyberSource\Nop.Plugin.Payments.CyberSource.csproj", "{885D161D-78D8-4511-9DDE-C9FEECE8E71A}"
EndProject
Project("{9A19103F-16F7-4668-BE54-9A1E7A4F7556}") = "Nop.Plugin.Misc.Zettle", "Plugins\Nop.Plugin.Misc.Zettle\Nop.Plugin.Misc.Zettle.csproj", "{80D363F0-C1C1-41CF-B7E0-11C6F6302D33}"
EndProject
Project("{9A19103F-16F7-4668-BE54-9A1E7A4F7556}") = "NopStation.Plugin.Misc.Actions", "Plugins\NopStation.Plugin.Misc.Actions\NopStation.Plugin.Misc.Actions.csproj", "{741E2004-1B5E-46E3-A276-D00F791E0002}"
EndProject
Project("{9A19103F-16F7-4668-BE54-9A1E7A4F7556}") = "NopStation.Plugin.Misc.Core", "Plugins\NopStation.Plugin.Misc.Core\NopStation.Plugin.Misc.Core.csproj", "{37D71EC3-B183-4FB6-9146-FBC45CB414AF}"
EndProject
Project("{9A19103F-16F7-4668-BE54-9A1E7A4F7556}") = "NopStation.Plugin.Payments.StripePaymentElement", "Plugins\NopStation.Plugin.Payments.StripePaymentElement\NopStation.Plugin.Payments.StripePaymentElement.csproj", "{4586F789-5B03-4EB7-B4C0-22C1F3C1EC83}"
EndProject
Project("{9A19103F-16F7-4668-BE54-9A1E7A4F7556}") = "NopStation.Plugin.Payments.AamarPay", "Plugins\NopStation.Plugin.Payments.AamarPay\NopStation.Plugin.Payments.AamarPay.csproj", "{7DD8C78D-E93E-4026-B34E-224AF219F2FE}"
EndProject
Project("{9A19103F-16F7-4668-BE54-9A1E7A4F7556}") = "NopStation.Plugin.Payments.Affirm", "Plugins\NopStation.Plugin.Payments.Affirm\NopStation.Plugin.Payments.Affirm.csproj", "{6057A19F-37A7-4DEF-A840-9210EE233758}"
EndProject
Project("{9A19103F-16F7-4668-BE54-9A1E7A4F7556}") = "NopStation.Plugin.Payments.Afterpay", "Plugins\NopStation.Plugin.Payments.Afterpay\NopStation.Plugin.Payments.Afterpay.csproj", "{C4F791D4-0ED1-4F4B-A35A-3061432645ED}"
EndProject
Project("{9A19103F-16F7-4668-BE54-9A1E7A4F7556}") = "NopStation.Plugin.Payments.AmazonPay", "Plugins\NopStation.Plugin.Payments.AmazonPay\NopStation.Plugin.Payments.AmazonPay.csproj", "{02AEFEF1-C41E-40A9-8CC3-9A50B273607F}"
EndProject
Project("{9A19103F-16F7-4668-BE54-9A1E7A4F7556}") = "NopStation.Plugin.Payments.bKash", "Plugins\NopStation.Plugin.Payments.bKash\NopStation.Plugin.Payments.bKash.csproj", "{3AED3D8A-58E2-42C1-AA38-99A0BCBC94C2}"
EndProject
Project("{9A19103F-16F7-4668-BE54-9A1E7A4F7556}") = "NopStation.Plugin.Payments.bKashManual", "Plugins\NopStation.Plugin.Payments.bKashManual\NopStation.Plugin.Payments.bKashManual.csproj", "{5F5FD746-021C-467F-B725-72AC6976B8DF}"
EndProject
Project("{9A19103F-16F7-4668-BE54-9A1E7A4F7556}") = "NopStation.Plugin.Payments.CBL", "Plugins\NopStation.Plugin.Payments.CBL\NopStation.Plugin.Payments.CBL.csproj", "{10DFF7B0-CEC5-4A5B-93D0-826E2674E2E1}"
EndProject
Project("{9A19103F-16F7-4668-BE54-9A1E7A4F7556}") = "NopStation.Plugin.Payments.CopyAndPay", "Plugins\NopStation.Plugin.Payments.CopyAndPay\NopStation.Plugin.Payments.CopyAndPay.csproj", "{0A34763E-BD5E-4B0C-A3DD-8F95A80AF008}"
EndProject
Project("{9A19103F-16F7-4668-BE54-9A1E7A4F7556}") = "NopStation.Plugin.Payments.CreditWallet", "Plugins\NopStation.Plugin.Payments.CreditWallet\NopStation.Plugin.Payments.CreditWallet.csproj", "{7278FC2F-4AD5-458A-97F2-B75EBC3B7761}"
EndProject
Project("{9A19103F-16F7-4668-BE54-9A1E7A4F7556}") = "NopStation.Plugin.Payments.Dmoney", "Plugins\NopStation.Plugin.Payments.Dmoney\NopStation.Plugin.Payments.Dmoney.csproj", "{9D0FDD1C-2F7C-4B03-87B2-2358BB8A89F7}"
EndProject
Project("{9A19103F-16F7-4668-BE54-9A1E7A4F7556}") = "NopStation.Plugin.Payments.Flutterwave", "Plugins\NopStation.Plugin.Payments.Flutterwave\NopStation.Plugin.Payments.Flutterwave.csproj", "{E959394F-EFD7-47C9-89EF-3D839AA23D9F}"
EndProject
Project("{9A19103F-16F7-4668-BE54-9A1E7A4F7556}") = "NopStation.Plugin.Payments.Instamojo", "Plugins\NopStation.Plugin.Payments.Instamojo\NopStation.Plugin.Payments.Instamojo.csproj", "{F5607245-B5A8-45D9-BD1B-A87CCB477FB5}"
EndProject
Project("{9A19103F-16F7-4668-BE54-9A1E7A4F7556}") = "NopStation.Plugin.Payments.Nagad", "Plugins\NopStation.Plugin.Payments.Nagad\NopStation.Plugin.Payments.Nagad.csproj", "{CC1F3B24-FE77-4EFD-AA25-489F1C07B383}"
EndProject
Project("{9A19103F-16F7-4668-BE54-9A1E7A4F7556}") = "NopStation.Plugin.Payments.NagadManual", "Plugins\NopStation.Plugin.Payments.NagadManual\NopStation.Plugin.Payments.NagadManual.csproj", "{C13629FB-6434-45E6-B8A8-3379CE1BEF03}"
EndProject
Project("{9A19103F-16F7-4668-BE54-9A1E7A4F7556}") = "NopStation.Plugin.Payments.NetsEasy", "Plugins\NopStation.Plugin.Payments.NetsEasy\NopStation.Plugin.Payments.NetsEasy.csproj", "{9CFB55A0-1EFC-45C3-B498-16842CC58F44}"
EndProject
Project("{9A19103F-16F7-4668-BE54-9A1E7A4F7556}") = "NopStation.Plugin.Payments.OABIPayment", "Plugins\NopStation.Plugin.Payments.OABIPayment\NopStation.Plugin.Payments.OABIPayment.csproj", "{D02FF5A2-AAC8-456F-B972-C122D50D584C}"
EndProject
Project("{9A19103F-16F7-4668-BE54-9A1E7A4F7556}") = "NopStation.Plugin.Payments.PayHere", "Plugins\NopStation.Plugin.Payments.PayHere\NopStation.Plugin.Payments.PayHere.csproj", "{B599C8C5-E187-4C88-BBF8-0E8F7D50E9AD}"
EndProject
Project("{9A19103F-16F7-4668-BE54-9A1E7A4F7556}") = "NopStation.Plugin.Payments.Paykeeper", "Plugins\NopStation.Plugin.Payments.Paykeeper\NopStation.Plugin.Payments.Paykeeper.csproj", "{E1940725-BC89-4148-A232-750A3AA4E9CC}"
EndProject
Project("{9A19103F-16F7-4668-BE54-9A1E7A4F7556}") = "NopStation.Plugin.Payments.Paystack", "Plugins\NopStation.Plugin.Payments.Paystack\NopStation.Plugin.Payments.Paystack.csproj", "{69F777FB-18D7-4B51-AE3C-06047C6374DE}"
EndProject
Project("{9A19103F-16F7-4668-BE54-9A1E7A4F7556}") = "NopStation.Plugin.Payments.POLiPay", "Plugins\NopStation.Plugin.Payments.POLiPay\NopStation.Plugin.Payments.POLiPay.csproj", "{BBD07086-9713-4FC4-96F1-1A6568D64451}"
EndProject
Project("{9A19103F-16F7-4668-BE54-9A1E7A4F7556}") = "NopStation.Plugin.Payments.Razorpay", "Plugins\NopStation.Plugin.Payments.Razorpay\NopStation.Plugin.Payments.Razorpay.csproj", "{A9CCDBAE-CB07-4F0A-AF38-9D72E3AD8C2E}"
EndProject
Project("{9A19103F-16F7-4668-BE54-9A1E7A4F7556}") = "NopStation.Plugin.Payments.RocketManual", "Plugins\NopStation.Plugin.Payments.RocketManual\NopStation.Plugin.Payments.RocketManual.csproj", "{B67148D8-4B9D-4EC3-8A72-960F34210023}"
EndProject
Project("{9A19103F-16F7-4668-BE54-9A1E7A4F7556}") = "NopStation.Plugin.Payments.SSLCommerz", "Plugins\NopStation.Plugin.Payments.SSLCommerz\NopStation.Plugin.Payments.SSLCommerz.csproj", "{0D5B9139-FF5C-49A3-9B49-295670DE6A56}"
EndProject
Project("{9A19103F-16F7-4668-BE54-9A1E7A4F7556}") = "NopStation.Plugin.Payments.Stripe", "Plugins\NopStation.Plugin.Payments.Stripe\NopStation.Plugin.Payments.Stripe.csproj", "{AB0B9A7A-C54B-443C-94DF-65CCE8EC5DE8}"
EndProject
Project("{9A19103F-16F7-4668-BE54-9A1E7A4F7556}") = "NopStation.Plugin.Payments.StripeIdeal", "Plugins\NopStation.Plugin.Payments.StripeIdeal\NopStation.Plugin.Payments.StripeIdeal.csproj", "{DB884AF5-2F93-41A0-9AC0-F5DD8122015D}"
EndProject
Project("{9A19103F-16F7-4668-BE54-9A1E7A4F7556}") = "NopStation.Plugin.Payments.StripeKlarna", "Plugins\NopStation.Plugin.Payments.StripeKlarna\NopStation.Plugin.Payments.StripeKlarna.csproj", "{A3FB9AE0-1A6C-402E-AD73-C384F271D6B9}"
EndProject
Project("{9A19103F-16F7-4668-BE54-9A1E7A4F7556}") = "NopStation.Plugin.Payments.StripeKonbini", "Plugins\NopStation.Plugin.Payments.StripeKonbini\NopStation.Plugin.Payments.StripeKonbini.csproj", "{42F556E6-FBF9-44A5-93B9-C7D51144FA97}"
EndProject
Project("{9A19103F-16F7-4668-BE54-9A1E7A4F7556}") = "NopStation.Plugin.Payments.StripeOxxo", "Plugins\NopStation.Plugin.Payments.StripeOxxo\NopStation.Plugin.Payments.StripeOxxo.csproj", "{F1CEB98E-5BE5-4F71-8EAC-4B286323EF69}"
EndProject
Project("{9A19103F-16F7-4668-BE54-9A1E7A4F7556}") = "NopStation.Plugin.Payments.StripeSofort", "Plugins\NopStation.Plugin.Payments.StripeSofort\NopStation.Plugin.Payments.StripeSofort.csproj", "{339BC752-B2BF-4DB1-BE1F-D66046EDC1F6}"
EndProject
Project("{9A19103F-16F7-4668-BE54-9A1E7A4F7556}") = "NopStation.Plugin.Payments.StripeWallet", "Plugins\NopStation.Plugin.Payments.StripeWallet\NopStation.Plugin.Payments.StripeWallet.csproj", "{BB5E1018-C194-452B-BE57-EE15D73F8273}"
EndProject
Project("{9A19103F-16F7-4668-BE54-9A1E7A4F7556}") = "NopStation.Plugin.Payments.StripeWeChatPay", "Plugins\NopStation.Plugin.Payments.StripeWeChatPay\NopStation.Plugin.Payments.StripeWeChatPay.csproj", "{D6833ECE-421E-4F61-A409-682490C35AEA}"
EndProject
Project("{9A19103F-16F7-4668-BE54-9A1E7A4F7556}") = "NopStation.Plugin.Payments.Unzer", "Plugins\NopStation.Plugin.Payments.Unzer\NopStation.Plugin.Payments.Unzer.csproj", "{DBE0D322-8575-47FE-B354-8A519C130BE6}"
EndProject
Project("{9A19103F-16F7-4668-BE54-9A1E7A4F7556}") = "NopStation.Plugin.Payments.UpayBdManual", "Plugins\NopStation.Plugin.Payments.UpayBdManual\NopStation.Plugin.Payments.UpayBdManual.csproj", "{DCB602F1-AF86-4BE1-8F1A-600C448A699A}"
EndProject
Global
	GlobalSection(SolutionConfigurationPlatforms) = preSolution
		Debug|Any CPU = Debug|Any CPU
		Debug|Mixed Platforms = Debug|Mixed Platforms
		Debug|x86 = Debug|x86
		Release|Any CPU = Release|Any CPU
		Release|Mixed Platforms = Release|Mixed Platforms
		Release|x86 = Release|x86
	EndGlobalSection
	GlobalSection(ProjectConfigurationPlatforms) = postSolution
		{4F1F649C-1020-45BE-A487-F416D9297FF3}.Debug|Any CPU.ActiveCfg = Debug|Any CPU
		{4F1F649C-1020-45BE-A487-F416D9297FF3}.Debug|Any CPU.Build.0 = Debug|Any CPU
		{4F1F649C-1020-45BE-A487-F416D9297FF3}.Debug|Mixed Platforms.ActiveCfg = Debug|Any CPU
		{4F1F649C-1020-45BE-A487-F416D9297FF3}.Debug|Mixed Platforms.Build.0 = Debug|Any CPU
		{4F1F649C-1020-45BE-A487-F416D9297FF3}.Debug|x86.ActiveCfg = Debug|Any CPU
		{4F1F649C-1020-45BE-A487-F416D9297FF3}.Release|Any CPU.ActiveCfg = Release|Any CPU
		{4F1F649C-1020-45BE-A487-F416D9297FF3}.Release|Any CPU.Build.0 = Release|Any CPU
		{4F1F649C-1020-45BE-A487-F416D9297FF3}.Release|Mixed Platforms.ActiveCfg = Release|Any CPU
		{4F1F649C-1020-45BE-A487-F416D9297FF3}.Release|Mixed Platforms.Build.0 = Release|Any CPU
		{4F1F649C-1020-45BE-A487-F416D9297FF3}.Release|x86.ActiveCfg = Release|Any CPU
		{6BDA8332-939F-45B7-A25E-7A797260AE59}.Debug|Any CPU.ActiveCfg = Debug|Any CPU
		{6BDA8332-939F-45B7-A25E-7A797260AE59}.Debug|Any CPU.Build.0 = Debug|Any CPU
		{6BDA8332-939F-45B7-A25E-7A797260AE59}.Debug|Mixed Platforms.ActiveCfg = Debug|Any CPU
		{6BDA8332-939F-45B7-A25E-7A797260AE59}.Debug|Mixed Platforms.Build.0 = Debug|Any CPU
		{6BDA8332-939F-45B7-A25E-7A797260AE59}.Debug|x86.ActiveCfg = Debug|Any CPU
		{6BDA8332-939F-45B7-A25E-7A797260AE59}.Release|Any CPU.ActiveCfg = Release|Any CPU
		{6BDA8332-939F-45B7-A25E-7A797260AE59}.Release|Any CPU.Build.0 = Release|Any CPU
		{6BDA8332-939F-45B7-A25E-7A797260AE59}.Release|Mixed Platforms.ActiveCfg = Release|Any CPU
		{6BDA8332-939F-45B7-A25E-7A797260AE59}.Release|Mixed Platforms.Build.0 = Release|Any CPU
		{6BDA8332-939F-45B7-A25E-7A797260AE59}.Release|x86.ActiveCfg = Release|Any CPU
		{CCD7F2C9-6A2C-4CF0-8E89-076B8FC0F144}.Debug|Any CPU.ActiveCfg = Debug|Any CPU
		{CCD7F2C9-6A2C-4CF0-8E89-076B8FC0F144}.Debug|Any CPU.Build.0 = Debug|Any CPU
		{CCD7F2C9-6A2C-4CF0-8E89-076B8FC0F144}.Debug|Mixed Platforms.ActiveCfg = Debug|Any CPU
		{CCD7F2C9-6A2C-4CF0-8E89-076B8FC0F144}.Debug|Mixed Platforms.Build.0 = Debug|Any CPU
		{CCD7F2C9-6A2C-4CF0-8E89-076B8FC0F144}.Debug|x86.ActiveCfg = Debug|Any CPU
		{CCD7F2C9-6A2C-4CF0-8E89-076B8FC0F144}.Release|Any CPU.ActiveCfg = Release|Any CPU
		{CCD7F2C9-6A2C-4CF0-8E89-076B8FC0F144}.Release|Any CPU.Build.0 = Release|Any CPU
		{CCD7F2C9-6A2C-4CF0-8E89-076B8FC0F144}.Release|Mixed Platforms.ActiveCfg = Release|Any CPU
		{CCD7F2C9-6A2C-4CF0-8E89-076B8FC0F144}.Release|Mixed Platforms.Build.0 = Release|Any CPU
		{CCD7F2C9-6A2C-4CF0-8E89-076B8FC0F144}.Release|x86.ActiveCfg = Release|Any CPU
		{210541AD-F659-47DA-8763-16F36C5CD2F4}.Debug|Any CPU.ActiveCfg = Debug|Any CPU
		{210541AD-F659-47DA-8763-16F36C5CD2F4}.Debug|Any CPU.Build.0 = Debug|Any CPU
		{210541AD-F659-47DA-8763-16F36C5CD2F4}.Debug|Mixed Platforms.ActiveCfg = Debug|Any CPU
		{210541AD-F659-47DA-8763-16F36C5CD2F4}.Debug|Mixed Platforms.Build.0 = Debug|Any CPU
		{210541AD-F659-47DA-8763-16F36C5CD2F4}.Debug|x86.ActiveCfg = Debug|Any CPU
		{210541AD-F659-47DA-8763-16F36C5CD2F4}.Release|Any CPU.ActiveCfg = Release|Any CPU
		{210541AD-F659-47DA-8763-16F36C5CD2F4}.Release|Any CPU.Build.0 = Release|Any CPU
		{210541AD-F659-47DA-8763-16F36C5CD2F4}.Release|Mixed Platforms.ActiveCfg = Release|Any CPU
		{210541AD-F659-47DA-8763-16F36C5CD2F4}.Release|Mixed Platforms.Build.0 = Release|Any CPU
		{210541AD-F659-47DA-8763-16F36C5CD2F4}.Release|x86.ActiveCfg = Release|Any CPU
		{9A7B9344-6AD0-4828-876D-0BF14C177148}.Debug|Any CPU.ActiveCfg = Debug|Any CPU
		{9A7B9344-6AD0-4828-876D-0BF14C177148}.Debug|Any CPU.Build.0 = Debug|Any CPU
		{9A7B9344-6AD0-4828-876D-0BF14C177148}.Debug|Mixed Platforms.ActiveCfg = Debug|Any CPU
		{9A7B9344-6AD0-4828-876D-0BF14C177148}.Debug|Mixed Platforms.Build.0 = Debug|Any CPU
		{9A7B9344-6AD0-4828-876D-0BF14C177148}.Debug|x86.ActiveCfg = Debug|Any CPU
		{9A7B9344-6AD0-4828-876D-0BF14C177148}.Release|Any CPU.ActiveCfg = Release|Any CPU
		{9A7B9344-6AD0-4828-876D-0BF14C177148}.Release|Any CPU.Build.0 = Release|Any CPU
		{9A7B9344-6AD0-4828-876D-0BF14C177148}.Release|Mixed Platforms.ActiveCfg = Release|Any CPU
		{9A7B9344-6AD0-4828-876D-0BF14C177148}.Release|Mixed Platforms.Build.0 = Release|Any CPU
		{9A7B9344-6AD0-4828-876D-0BF14C177148}.Release|x86.ActiveCfg = Release|Any CPU
		{75FD4163-333C-4DD5-854D-2EF294E45D94}.Debug|Any CPU.ActiveCfg = Debug|Any CPU
		{75FD4163-333C-4DD5-854D-2EF294E45D94}.Debug|Any CPU.Build.0 = Debug|Any CPU
		{75FD4163-333C-4DD5-854D-2EF294E45D94}.Debug|Mixed Platforms.ActiveCfg = Debug|Any CPU
		{75FD4163-333C-4DD5-854D-2EF294E45D94}.Debug|Mixed Platforms.Build.0 = Debug|Any CPU
		{75FD4163-333C-4DD5-854D-2EF294E45D94}.Debug|x86.ActiveCfg = Debug|Any CPU
		{75FD4163-333C-4DD5-854D-2EF294E45D94}.Release|Any CPU.ActiveCfg = Release|Any CPU
		{75FD4163-333C-4DD5-854D-2EF294E45D94}.Release|Any CPU.Build.0 = Release|Any CPU
		{75FD4163-333C-4DD5-854D-2EF294E45D94}.Release|Mixed Platforms.ActiveCfg = Release|Any CPU
		{75FD4163-333C-4DD5-854D-2EF294E45D94}.Release|Mixed Platforms.Build.0 = Release|Any CPU
		{75FD4163-333C-4DD5-854D-2EF294E45D94}.Release|x86.ActiveCfg = Release|Any CPU
		{98CA7487-6ADE-4773-BD0A-29255F443236}.Debug|Any CPU.ActiveCfg = Debug|Any CPU
		{98CA7487-6ADE-4773-BD0A-29255F443236}.Debug|Any CPU.Build.0 = Debug|Any CPU
		{98CA7487-6ADE-4773-BD0A-29255F443236}.Debug|Mixed Platforms.ActiveCfg = Debug|Any CPU
		{98CA7487-6ADE-4773-BD0A-29255F443236}.Debug|Mixed Platforms.Build.0 = Debug|Any CPU
		{98CA7487-6ADE-4773-BD0A-29255F443236}.Debug|x86.ActiveCfg = Debug|Any CPU
		{98CA7487-6ADE-4773-BD0A-29255F443236}.Release|Any CPU.ActiveCfg = Release|Any CPU
		{98CA7487-6ADE-4773-BD0A-29255F443236}.Release|Any CPU.Build.0 = Release|Any CPU
		{98CA7487-6ADE-4773-BD0A-29255F443236}.Release|Mixed Platforms.ActiveCfg = Release|Any CPU
		{98CA7487-6ADE-4773-BD0A-29255F443236}.Release|Mixed Platforms.Build.0 = Release|Any CPU
		{98CA7487-6ADE-4773-BD0A-29255F443236}.Release|x86.ActiveCfg = Release|Any CPU
		{5422ED35-2808-4790-B5E6-C86A383B2874}.Debug|Any CPU.ActiveCfg = Debug|Any CPU
		{5422ED35-2808-4790-B5E6-C86A383B2874}.Debug|Any CPU.Build.0 = Debug|Any CPU
		{5422ED35-2808-4790-B5E6-C86A383B2874}.Debug|Mixed Platforms.ActiveCfg = Debug|Any CPU
		{5422ED35-2808-4790-B5E6-C86A383B2874}.Debug|Mixed Platforms.Build.0 = Debug|Any CPU
		{5422ED35-2808-4790-B5E6-C86A383B2874}.Debug|x86.ActiveCfg = Debug|Any CPU
		{5422ED35-2808-4790-B5E6-C86A383B2874}.Release|Any CPU.ActiveCfg = Release|Any CPU
		{5422ED35-2808-4790-B5E6-C86A383B2874}.Release|Any CPU.Build.0 = Release|Any CPU
		{5422ED35-2808-4790-B5E6-C86A383B2874}.Release|Mixed Platforms.ActiveCfg = Release|Any CPU
		{5422ED35-2808-4790-B5E6-C86A383B2874}.Release|Mixed Platforms.Build.0 = Release|Any CPU
		{5422ED35-2808-4790-B5E6-C86A383B2874}.Release|x86.ActiveCfg = Release|Any CPU
		{C2B83AF5-80F6-4B8C-8628-FA7DE10C3BB5}.Debug|Any CPU.ActiveCfg = Debug|Any CPU
		{C2B83AF5-80F6-4B8C-8628-FA7DE10C3BB5}.Debug|Any CPU.Build.0 = Debug|Any CPU
		{C2B83AF5-80F6-4B8C-8628-FA7DE10C3BB5}.Debug|Mixed Platforms.ActiveCfg = Debug|Any CPU
		{C2B83AF5-80F6-4B8C-8628-FA7DE10C3BB5}.Debug|Mixed Platforms.Build.0 = Debug|Any CPU
		{C2B83AF5-80F6-4B8C-8628-FA7DE10C3BB5}.Debug|x86.ActiveCfg = Debug|Any CPU
		{C2B83AF5-80F6-4B8C-8628-FA7DE10C3BB5}.Release|Any CPU.ActiveCfg = Release|Any CPU
		{C2B83AF5-80F6-4B8C-8628-FA7DE10C3BB5}.Release|Any CPU.Build.0 = Release|Any CPU
		{C2B83AF5-80F6-4B8C-8628-FA7DE10C3BB5}.Release|Mixed Platforms.ActiveCfg = Release|Any CPU
		{C2B83AF5-80F6-4B8C-8628-FA7DE10C3BB5}.Release|Mixed Platforms.Build.0 = Release|Any CPU
		{C2B83AF5-80F6-4B8C-8628-FA7DE10C3BB5}.Release|x86.ActiveCfg = Release|Any CPU
		{446FED73-BCA1-4D8F-BC13-EA1507C7EF29}.Debug|Any CPU.ActiveCfg = Debug|Any CPU
		{446FED73-BCA1-4D8F-BC13-EA1507C7EF29}.Debug|Any CPU.Build.0 = Debug|Any CPU
		{446FED73-BCA1-4D8F-BC13-EA1507C7EF29}.Debug|Mixed Platforms.ActiveCfg = Debug|Any CPU
		{446FED73-BCA1-4D8F-BC13-EA1507C7EF29}.Debug|Mixed Platforms.Build.0 = Debug|Any CPU
		{446FED73-BCA1-4D8F-BC13-EA1507C7EF29}.Debug|x86.ActiveCfg = Debug|Any CPU
		{446FED73-BCA1-4D8F-BC13-EA1507C7EF29}.Release|Any CPU.ActiveCfg = Release|Any CPU
		{446FED73-BCA1-4D8F-BC13-EA1507C7EF29}.Release|Any CPU.Build.0 = Release|Any CPU
		{446FED73-BCA1-4D8F-BC13-EA1507C7EF29}.Release|Mixed Platforms.ActiveCfg = Release|Any CPU
		{446FED73-BCA1-4D8F-BC13-EA1507C7EF29}.Release|Mixed Platforms.Build.0 = Release|Any CPU
		{446FED73-BCA1-4D8F-BC13-EA1507C7EF29}.Release|x86.ActiveCfg = Release|Any CPU
		{9978B382-0BCD-4621-B6B5-52E0E3B5F464}.Debug|Any CPU.ActiveCfg = Debug|Any CPU
		{9978B382-0BCD-4621-B6B5-52E0E3B5F464}.Debug|Any CPU.Build.0 = Debug|Any CPU
		{9978B382-0BCD-4621-B6B5-52E0E3B5F464}.Debug|Mixed Platforms.ActiveCfg = Debug|Any CPU
		{9978B382-0BCD-4621-B6B5-52E0E3B5F464}.Debug|Mixed Platforms.Build.0 = Debug|Any CPU
		{9978B382-0BCD-4621-B6B5-52E0E3B5F464}.Debug|x86.ActiveCfg = Debug|Any CPU
		{9978B382-0BCD-4621-B6B5-52E0E3B5F464}.Release|Any CPU.ActiveCfg = Release|Any CPU
		{9978B382-0BCD-4621-B6B5-52E0E3B5F464}.Release|Any CPU.Build.0 = Release|Any CPU
		{9978B382-0BCD-4621-B6B5-52E0E3B5F464}.Release|Mixed Platforms.ActiveCfg = Release|Any CPU
		{9978B382-0BCD-4621-B6B5-52E0E3B5F464}.Release|Mixed Platforms.Build.0 = Release|Any CPU
		{9978B382-0BCD-4621-B6B5-52E0E3B5F464}.Release|x86.ActiveCfg = Release|Any CPU
		{6DF00C56-EC49-4AB8-8B29-404E3694026C}.Debug|Any CPU.ActiveCfg = Debug|Any CPU
		{6DF00C56-EC49-4AB8-8B29-404E3694026C}.Debug|Any CPU.Build.0 = Debug|Any CPU
		{6DF00C56-EC49-4AB8-8B29-404E3694026C}.Debug|Mixed Platforms.ActiveCfg = Debug|Any CPU
		{6DF00C56-EC49-4AB8-8B29-404E3694026C}.Debug|Mixed Platforms.Build.0 = Debug|Any CPU
		{6DF00C56-EC49-4AB8-8B29-404E3694026C}.Debug|x86.ActiveCfg = Debug|Any CPU
		{6DF00C56-EC49-4AB8-8B29-404E3694026C}.Debug|x86.Build.0 = Debug|Any CPU
		{6DF00C56-EC49-4AB8-8B29-404E3694026C}.Release|Any CPU.ActiveCfg = Release|Any CPU
		{6DF00C56-EC49-4AB8-8B29-404E3694026C}.Release|Any CPU.Build.0 = Release|Any CPU
		{6DF00C56-EC49-4AB8-8B29-404E3694026C}.Release|Mixed Platforms.ActiveCfg = Release|Any CPU
		{6DF00C56-EC49-4AB8-8B29-404E3694026C}.Release|Mixed Platforms.Build.0 = Release|Any CPU
		{6DF00C56-EC49-4AB8-8B29-404E3694026C}.Release|x86.ActiveCfg = Release|Any CPU
		{6DF00C56-EC49-4AB8-8B29-404E3694026C}.Release|x86.Build.0 = Release|Any CPU
		{06C88D0B-A276-4D3D-8BE5-7C58BF3072E3}.Debug|Any CPU.ActiveCfg = Debug|Any CPU
		{06C88D0B-A276-4D3D-8BE5-7C58BF3072E3}.Debug|Any CPU.Build.0 = Debug|Any CPU
		{06C88D0B-A276-4D3D-8BE5-7C58BF3072E3}.Debug|Mixed Platforms.ActiveCfg = Debug|Any CPU
		{06C88D0B-A276-4D3D-8BE5-7C58BF3072E3}.Debug|Mixed Platforms.Build.0 = Debug|Any CPU
		{06C88D0B-A276-4D3D-8BE5-7C58BF3072E3}.Debug|x86.ActiveCfg = Debug|Any CPU
		{06C88D0B-A276-4D3D-8BE5-7C58BF3072E3}.Debug|x86.Build.0 = Debug|Any CPU
		{06C88D0B-A276-4D3D-8BE5-7C58BF3072E3}.Release|Any CPU.ActiveCfg = Release|Any CPU
		{06C88D0B-A276-4D3D-8BE5-7C58BF3072E3}.Release|Any CPU.Build.0 = Release|Any CPU
		{06C88D0B-A276-4D3D-8BE5-7C58BF3072E3}.Release|Mixed Platforms.ActiveCfg = Release|Any CPU
		{06C88D0B-A276-4D3D-8BE5-7C58BF3072E3}.Release|Mixed Platforms.Build.0 = Release|Any CPU
		{06C88D0B-A276-4D3D-8BE5-7C58BF3072E3}.Release|x86.ActiveCfg = Release|Any CPU
		{06C88D0B-A276-4D3D-8BE5-7C58BF3072E3}.Release|x86.Build.0 = Release|Any CPU
		{560768D4-7E1D-4431-99F0-CC14C255E167}.Debug|Any CPU.ActiveCfg = Debug|Any CPU
		{560768D4-7E1D-4431-99F0-CC14C255E167}.Debug|Any CPU.Build.0 = Debug|Any CPU
		{560768D4-7E1D-4431-99F0-CC14C255E167}.Debug|Mixed Platforms.ActiveCfg = Debug|Any CPU
		{560768D4-7E1D-4431-99F0-CC14C255E167}.Debug|Mixed Platforms.Build.0 = Debug|Any CPU
		{560768D4-7E1D-4431-99F0-CC14C255E167}.Debug|x86.ActiveCfg = Debug|Any CPU
		{560768D4-7E1D-4431-99F0-CC14C255E167}.Debug|x86.Build.0 = Debug|Any CPU
		{560768D4-7E1D-4431-99F0-CC14C255E167}.Release|Any CPU.ActiveCfg = Release|Any CPU
		{560768D4-7E1D-4431-99F0-CC14C255E167}.Release|Any CPU.Build.0 = Release|Any CPU
		{560768D4-7E1D-4431-99F0-CC14C255E167}.Release|Mixed Platforms.ActiveCfg = Release|Any CPU
		{560768D4-7E1D-4431-99F0-CC14C255E167}.Release|Mixed Platforms.Build.0 = Release|Any CPU
		{560768D4-7E1D-4431-99F0-CC14C255E167}.Release|x86.ActiveCfg = Release|Any CPU
		{560768D4-7E1D-4431-99F0-CC14C255E167}.Release|x86.Build.0 = Release|Any CPU
		{493761CB-5190-4283-8C6C-A8CEB5450CAB}.Debug|Any CPU.ActiveCfg = Debug|Any CPU
		{493761CB-5190-4283-8C6C-A8CEB5450CAB}.Debug|Any CPU.Build.0 = Debug|Any CPU
		{493761CB-5190-4283-8C6C-A8CEB5450CAB}.Debug|Mixed Platforms.ActiveCfg = Debug|Any CPU
		{493761CB-5190-4283-8C6C-A8CEB5450CAB}.Debug|Mixed Platforms.Build.0 = Debug|Any CPU
		{493761CB-5190-4283-8C6C-A8CEB5450CAB}.Debug|x86.ActiveCfg = Debug|Any CPU
		{493761CB-5190-4283-8C6C-A8CEB5450CAB}.Debug|x86.Build.0 = Debug|Any CPU
		{493761CB-5190-4283-8C6C-A8CEB5450CAB}.Release|Any CPU.ActiveCfg = Release|Any CPU
		{493761CB-5190-4283-8C6C-A8CEB5450CAB}.Release|Any CPU.Build.0 = Release|Any CPU
		{493761CB-5190-4283-8C6C-A8CEB5450CAB}.Release|Mixed Platforms.ActiveCfg = Release|Any CPU
		{493761CB-5190-4283-8C6C-A8CEB5450CAB}.Release|Mixed Platforms.Build.0 = Release|Any CPU
		{493761CB-5190-4283-8C6C-A8CEB5450CAB}.Release|x86.ActiveCfg = Release|Any CPU
		{493761CB-5190-4283-8C6C-A8CEB5450CAB}.Release|x86.Build.0 = Release|Any CPU
		{4C0C889A-A3B2-43FA-824A-F529402C1BBF}.Debug|Any CPU.ActiveCfg = Debug|Any CPU
		{4C0C889A-A3B2-43FA-824A-F529402C1BBF}.Debug|Any CPU.Build.0 = Debug|Any CPU
		{4C0C889A-A3B2-43FA-824A-F529402C1BBF}.Debug|Mixed Platforms.ActiveCfg = Debug|Any CPU
		{4C0C889A-A3B2-43FA-824A-F529402C1BBF}.Debug|Mixed Platforms.Build.0 = Debug|Any CPU
		{4C0C889A-A3B2-43FA-824A-F529402C1BBF}.Debug|x86.ActiveCfg = Debug|Any CPU
		{4C0C889A-A3B2-43FA-824A-F529402C1BBF}.Debug|x86.Build.0 = Debug|Any CPU
		{4C0C889A-A3B2-43FA-824A-F529402C1BBF}.Release|Any CPU.ActiveCfg = Release|Any CPU
		{4C0C889A-A3B2-43FA-824A-F529402C1BBF}.Release|Any CPU.Build.0 = Release|Any CPU
		{4C0C889A-A3B2-43FA-824A-F529402C1BBF}.Release|Mixed Platforms.ActiveCfg = Release|Any CPU
		{4C0C889A-A3B2-43FA-824A-F529402C1BBF}.Release|Mixed Platforms.Build.0 = Release|Any CPU
		{4C0C889A-A3B2-43FA-824A-F529402C1BBF}.Release|x86.ActiveCfg = Release|Any CPU
		{4C0C889A-A3B2-43FA-824A-F529402C1BBF}.Release|x86.Build.0 = Release|Any CPU
		{7B08DACB-8E11-416D-9DDF-B0EEF847A8ED}.Debug|Any CPU.ActiveCfg = Debug|Any CPU
		{7B08DACB-8E11-416D-9DDF-B0EEF847A8ED}.Debug|Any CPU.Build.0 = Debug|Any CPU
		{7B08DACB-8E11-416D-9DDF-B0EEF847A8ED}.Debug|Mixed Platforms.ActiveCfg = Debug|Any CPU
		{7B08DACB-8E11-416D-9DDF-B0EEF847A8ED}.Debug|Mixed Platforms.Build.0 = Debug|Any CPU
		{7B08DACB-8E11-416D-9DDF-B0EEF847A8ED}.Debug|x86.ActiveCfg = Debug|Any CPU
		{7B08DACB-8E11-416D-9DDF-B0EEF847A8ED}.Debug|x86.Build.0 = Debug|Any CPU
		{7B08DACB-8E11-416D-9DDF-B0EEF847A8ED}.Release|Any CPU.ActiveCfg = Release|Any CPU
		{7B08DACB-8E11-416D-9DDF-B0EEF847A8ED}.Release|Any CPU.Build.0 = Release|Any CPU
		{7B08DACB-8E11-416D-9DDF-B0EEF847A8ED}.Release|Mixed Platforms.ActiveCfg = Release|Any CPU
		{7B08DACB-8E11-416D-9DDF-B0EEF847A8ED}.Release|Mixed Platforms.Build.0 = Release|Any CPU
		{7B08DACB-8E11-416D-9DDF-B0EEF847A8ED}.Release|x86.ActiveCfg = Release|Any CPU
		{7B08DACB-8E11-416D-9DDF-B0EEF847A8ED}.Release|x86.Build.0 = Release|Any CPU
		{2426B75D-23D4-41EF-8924-47650C8A18C7}.Debug|Any CPU.ActiveCfg = Debug|Any CPU
		{2426B75D-23D4-41EF-8924-47650C8A18C7}.Debug|Any CPU.Build.0 = Debug|Any CPU
		{2426B75D-23D4-41EF-8924-47650C8A18C7}.Debug|Mixed Platforms.ActiveCfg = Debug|Any CPU
		{2426B75D-23D4-41EF-8924-47650C8A18C7}.Debug|Mixed Platforms.Build.0 = Debug|Any CPU
		{2426B75D-23D4-41EF-8924-47650C8A18C7}.Debug|x86.ActiveCfg = Debug|Any CPU
		{2426B75D-23D4-41EF-8924-47650C8A18C7}.Debug|x86.Build.0 = Debug|Any CPU
		{2426B75D-23D4-41EF-8924-47650C8A18C7}.Release|Any CPU.ActiveCfg = Release|Any CPU
		{2426B75D-23D4-41EF-8924-47650C8A18C7}.Release|Any CPU.Build.0 = Release|Any CPU
		{2426B75D-23D4-41EF-8924-47650C8A18C7}.Release|Mixed Platforms.ActiveCfg = Release|Any CPU
		{2426B75D-23D4-41EF-8924-47650C8A18C7}.Release|Mixed Platforms.Build.0 = Release|Any CPU
		{2426B75D-23D4-41EF-8924-47650C8A18C7}.Release|x86.ActiveCfg = Release|Any CPU
		{2426B75D-23D4-41EF-8924-47650C8A18C7}.Release|x86.Build.0 = Release|Any CPU
		{87013DC8-D032-465B-A950-753E4EB15502}.Debug|Any CPU.ActiveCfg = Debug|Any CPU
		{87013DC8-D032-465B-A950-753E4EB15502}.Debug|Any CPU.Build.0 = Debug|Any CPU
		{87013DC8-D032-465B-A950-753E4EB15502}.Debug|Mixed Platforms.ActiveCfg = Debug|Any CPU
		{87013DC8-D032-465B-A950-753E4EB15502}.Debug|Mixed Platforms.Build.0 = Debug|Any CPU
		{87013DC8-D032-465B-A950-753E4EB15502}.Debug|x86.ActiveCfg = Debug|Any CPU
		{87013DC8-D032-465B-A950-753E4EB15502}.Debug|x86.Build.0 = Debug|Any CPU
		{87013DC8-D032-465B-A950-753E4EB15502}.Release|Any CPU.ActiveCfg = Release|Any CPU
		{87013DC8-D032-465B-A950-753E4EB15502}.Release|Any CPU.Build.0 = Release|Any CPU
		{87013DC8-D032-465B-A950-753E4EB15502}.Release|Mixed Platforms.ActiveCfg = Release|Any CPU
		{87013DC8-D032-465B-A950-753E4EB15502}.Release|Mixed Platforms.Build.0 = Release|Any CPU
		{87013DC8-D032-465B-A950-753E4EB15502}.Release|x86.ActiveCfg = Release|Any CPU
		{87013DC8-D032-465B-A950-753E4EB15502}.Release|x86.Build.0 = Release|Any CPU
		{F9F61CE0-6FC0-43A5-930A-A27099F4DE44}.Debug|Any CPU.ActiveCfg = Debug|Any CPU
		{F9F61CE0-6FC0-43A5-930A-A27099F4DE44}.Debug|Any CPU.Build.0 = Debug|Any CPU
		{F9F61CE0-6FC0-43A5-930A-A27099F4DE44}.Debug|Mixed Platforms.ActiveCfg = Debug|Any CPU
		{F9F61CE0-6FC0-43A5-930A-A27099F4DE44}.Debug|Mixed Platforms.Build.0 = Debug|Any CPU
		{F9F61CE0-6FC0-43A5-930A-A27099F4DE44}.Debug|x86.ActiveCfg = Debug|Any CPU
		{F9F61CE0-6FC0-43A5-930A-A27099F4DE44}.Debug|x86.Build.0 = Debug|Any CPU
		{F9F61CE0-6FC0-43A5-930A-A27099F4DE44}.Release|Any CPU.ActiveCfg = Release|Any CPU
		{F9F61CE0-6FC0-43A5-930A-A27099F4DE44}.Release|Any CPU.Build.0 = Release|Any CPU
		{F9F61CE0-6FC0-43A5-930A-A27099F4DE44}.Release|Mixed Platforms.ActiveCfg = Release|Any CPU
		{F9F61CE0-6FC0-43A5-930A-A27099F4DE44}.Release|Mixed Platforms.Build.0 = Release|Any CPU
		{F9F61CE0-6FC0-43A5-930A-A27099F4DE44}.Release|x86.ActiveCfg = Release|Any CPU
		{F9F61CE0-6FC0-43A5-930A-A27099F4DE44}.Release|x86.Build.0 = Release|Any CPU
		{FD31C133-B4DE-4BB2-B327-1D0E2F2C95D4}.Debug|Any CPU.ActiveCfg = Debug|Any CPU
		{FD31C133-B4DE-4BB2-B327-1D0E2F2C95D4}.Debug|Any CPU.Build.0 = Debug|Any CPU
		{FD31C133-B4DE-4BB2-B327-1D0E2F2C95D4}.Debug|Mixed Platforms.ActiveCfg = Debug|Any CPU
		{FD31C133-B4DE-4BB2-B327-1D0E2F2C95D4}.Debug|Mixed Platforms.Build.0 = Debug|Any CPU
		{FD31C133-B4DE-4BB2-B327-1D0E2F2C95D4}.Debug|x86.ActiveCfg = Debug|Any CPU
		{FD31C133-B4DE-4BB2-B327-1D0E2F2C95D4}.Debug|x86.Build.0 = Debug|Any CPU
		{FD31C133-B4DE-4BB2-B327-1D0E2F2C95D4}.Release|Any CPU.ActiveCfg = Release|Any CPU
		{FD31C133-B4DE-4BB2-B327-1D0E2F2C95D4}.Release|Any CPU.Build.0 = Release|Any CPU
		{FD31C133-B4DE-4BB2-B327-1D0E2F2C95D4}.Release|Mixed Platforms.ActiveCfg = Release|Any CPU
		{FD31C133-B4DE-4BB2-B327-1D0E2F2C95D4}.Release|Mixed Platforms.Build.0 = Release|Any CPU
		{FD31C133-B4DE-4BB2-B327-1D0E2F2C95D4}.Release|x86.ActiveCfg = Release|Any CPU
		{FD31C133-B4DE-4BB2-B327-1D0E2F2C95D4}.Release|x86.Build.0 = Release|Any CPU
		{2FB1BE79-084E-4381-A913-74E18F174D64}.Debug|Any CPU.ActiveCfg = Debug|Any CPU
		{2FB1BE79-084E-4381-A913-74E18F174D64}.Debug|Any CPU.Build.0 = Debug|Any CPU
		{2FB1BE79-084E-4381-A913-74E18F174D64}.Debug|Mixed Platforms.ActiveCfg = Debug|Any CPU
		{2FB1BE79-084E-4381-A913-74E18F174D64}.Debug|Mixed Platforms.Build.0 = Debug|Any CPU
		{2FB1BE79-084E-4381-A913-74E18F174D64}.Debug|x86.ActiveCfg = Debug|Any CPU
		{2FB1BE79-084E-4381-A913-74E18F174D64}.Debug|x86.Build.0 = Debug|Any CPU
		{2FB1BE79-084E-4381-A913-74E18F174D64}.Release|Any CPU.ActiveCfg = Release|Any CPU
		{2FB1BE79-084E-4381-A913-74E18F174D64}.Release|Any CPU.Build.0 = Release|Any CPU
		{2FB1BE79-084E-4381-A913-74E18F174D64}.Release|Mixed Platforms.ActiveCfg = Release|Any CPU
		{2FB1BE79-084E-4381-A913-74E18F174D64}.Release|Mixed Platforms.Build.0 = Release|Any CPU
		{2FB1BE79-084E-4381-A913-74E18F174D64}.Release|x86.ActiveCfg = Release|Any CPU
		{2FB1BE79-084E-4381-A913-74E18F174D64}.Release|x86.Build.0 = Release|Any CPU
		{CF2A6564-C31D-4A2A-B42A-6BCA38F25219}.Debug|Any CPU.ActiveCfg = Debug|Any CPU
		{CF2A6564-C31D-4A2A-B42A-6BCA38F25219}.Debug|Any CPU.Build.0 = Debug|Any CPU
		{CF2A6564-C31D-4A2A-B42A-6BCA38F25219}.Debug|Mixed Platforms.ActiveCfg = Debug|Any CPU
		{CF2A6564-C31D-4A2A-B42A-6BCA38F25219}.Debug|Mixed Platforms.Build.0 = Debug|Any CPU
		{CF2A6564-C31D-4A2A-B42A-6BCA38F25219}.Debug|x86.ActiveCfg = Debug|Any CPU
		{CF2A6564-C31D-4A2A-B42A-6BCA38F25219}.Debug|x86.Build.0 = Debug|Any CPU
		{CF2A6564-C31D-4A2A-B42A-6BCA38F25219}.Release|Any CPU.ActiveCfg = Release|Any CPU
		{CF2A6564-C31D-4A2A-B42A-6BCA38F25219}.Release|Any CPU.Build.0 = Release|Any CPU
		{CF2A6564-C31D-4A2A-B42A-6BCA38F25219}.Release|Mixed Platforms.ActiveCfg = Release|Any CPU
		{CF2A6564-C31D-4A2A-B42A-6BCA38F25219}.Release|Mixed Platforms.Build.0 = Release|Any CPU
		{CF2A6564-C31D-4A2A-B42A-6BCA38F25219}.Release|x86.ActiveCfg = Release|Any CPU
		{CF2A6564-C31D-4A2A-B42A-6BCA38F25219}.Release|x86.Build.0 = Release|Any CPU
		{885D161D-78D8-4511-9DDE-C9FEECE8E71A}.Debug|Any CPU.ActiveCfg = Debug|Any CPU
		{885D161D-78D8-4511-9DDE-C9FEECE8E71A}.Debug|Any CPU.Build.0 = Debug|Any CPU
		{885D161D-78D8-4511-9DDE-C9FEECE8E71A}.Debug|Mixed Platforms.ActiveCfg = Debug|Any CPU
		{885D161D-78D8-4511-9DDE-C9FEECE8E71A}.Debug|Mixed Platforms.Build.0 = Debug|Any CPU
		{885D161D-78D8-4511-9DDE-C9FEECE8E71A}.Debug|x86.ActiveCfg = Debug|Any CPU
		{885D161D-78D8-4511-9DDE-C9FEECE8E71A}.Debug|x86.Build.0 = Debug|Any CPU
		{885D161D-78D8-4511-9DDE-C9FEECE8E71A}.Release|Any CPU.ActiveCfg = Release|Any CPU
		{885D161D-78D8-4511-9DDE-C9FEECE8E71A}.Release|Any CPU.Build.0 = Release|Any CPU
		{885D161D-78D8-4511-9DDE-C9FEECE8E71A}.Release|Mixed Platforms.ActiveCfg = Release|Any CPU
		{885D161D-78D8-4511-9DDE-C9FEECE8E71A}.Release|Mixed Platforms.Build.0 = Release|Any CPU
		{885D161D-78D8-4511-9DDE-C9FEECE8E71A}.Release|x86.ActiveCfg = Release|Any CPU
		{885D161D-78D8-4511-9DDE-C9FEECE8E71A}.Release|x86.Build.0 = Release|Any CPU
		{80D363F0-C1C1-41CF-B7E0-11C6F6302D33}.Debug|Any CPU.ActiveCfg = Debug|Any CPU
		{80D363F0-C1C1-41CF-B7E0-11C6F6302D33}.Debug|Any CPU.Build.0 = Debug|Any CPU
		{80D363F0-C1C1-41CF-B7E0-11C6F6302D33}.Debug|Mixed Platforms.ActiveCfg = Debug|Any CPU
		{80D363F0-C1C1-41CF-B7E0-11C6F6302D33}.Debug|Mixed Platforms.Build.0 = Debug|Any CPU
		{80D363F0-C1C1-41CF-B7E0-11C6F6302D33}.Debug|x86.ActiveCfg = Debug|Any CPU
		{80D363F0-C1C1-41CF-B7E0-11C6F6302D33}.Debug|x86.Build.0 = Debug|Any CPU
		{80D363F0-C1C1-41CF-B7E0-11C6F6302D33}.Release|Any CPU.ActiveCfg = Release|Any CPU
		{80D363F0-C1C1-41CF-B7E0-11C6F6302D33}.Release|Any CPU.Build.0 = Release|Any CPU
		{80D363F0-C1C1-41CF-B7E0-11C6F6302D33}.Release|Mixed Platforms.ActiveCfg = Release|Any CPU
		{80D363F0-C1C1-41CF-B7E0-11C6F6302D33}.Release|Mixed Platforms.Build.0 = Release|Any CPU
		{80D363F0-C1C1-41CF-B7E0-11C6F6302D33}.Release|x86.ActiveCfg = Release|Any CPU
		{80D363F0-C1C1-41CF-B7E0-11C6F6302D33}.Release|x86.Build.0 = Release|Any CPU
		{741E2004-1B5E-46E3-A276-D00F791E0002}.Debug|Any CPU.ActiveCfg = Debug|Any CPU
		{741E2004-1B5E-46E3-A276-D00F791E0002}.Debug|Any CPU.Build.0 = Debug|Any CPU
		{741E2004-1B5E-46E3-A276-D00F791E0002}.Debug|Mixed Platforms.ActiveCfg = Debug|Any CPU
		{741E2004-1B5E-46E3-A276-D00F791E0002}.Debug|Mixed Platforms.Build.0 = Debug|Any CPU
		{741E2004-1B5E-46E3-A276-D00F791E0002}.Debug|x86.ActiveCfg = Debug|Any CPU
		{741E2004-1B5E-46E3-A276-D00F791E0002}.Debug|x86.Build.0 = Debug|Any CPU
		{741E2004-1B5E-46E3-A276-D00F791E0002}.Release|Any CPU.ActiveCfg = Release|Any CPU
		{741E2004-1B5E-46E3-A276-D00F791E0002}.Release|Any CPU.Build.0 = Release|Any CPU
		{741E2004-1B5E-46E3-A276-D00F791E0002}.Release|Mixed Platforms.ActiveCfg = Release|Any CPU
		{741E2004-1B5E-46E3-A276-D00F791E0002}.Release|Mixed Platforms.Build.0 = Release|Any CPU
		{741E2004-1B5E-46E3-A276-D00F791E0002}.Release|x86.ActiveCfg = Release|Any CPU
		{741E2004-1B5E-46E3-A276-D00F791E0002}.Release|x86.Build.0 = Release|Any CPU
		{37D71EC3-B183-4FB6-9146-FBC45CB414AF}.Debug|Any CPU.ActiveCfg = Debug|Any CPU
		{37D71EC3-B183-4FB6-9146-FBC45CB414AF}.Debug|Any CPU.Build.0 = Debug|Any CPU
		{37D71EC3-B183-4FB6-9146-FBC45CB414AF}.Debug|Mixed Platforms.ActiveCfg = Debug|Any CPU
		{37D71EC3-B183-4FB6-9146-FBC45CB414AF}.Debug|Mixed Platforms.Build.0 = Debug|Any CPU
		{37D71EC3-B183-4FB6-9146-FBC45CB414AF}.Debug|x86.ActiveCfg = Debug|Any CPU
		{37D71EC3-B183-4FB6-9146-FBC45CB414AF}.Debug|x86.Build.0 = Debug|Any CPU
		{37D71EC3-B183-4FB6-9146-FBC45CB414AF}.Release|Any CPU.ActiveCfg = Release|Any CPU
		{37D71EC3-B183-4FB6-9146-FBC45CB414AF}.Release|Any CPU.Build.0 = Release|Any CPU
		{37D71EC3-B183-4FB6-9146-FBC45CB414AF}.Release|Mixed Platforms.ActiveCfg = Release|Any CPU
		{37D71EC3-B183-4FB6-9146-FBC45CB414AF}.Release|Mixed Platforms.Build.0 = Release|Any CPU
		{37D71EC3-B183-4FB6-9146-FBC45CB414AF}.Release|x86.ActiveCfg = Release|Any CPU
		{37D71EC3-B183-4FB6-9146-FBC45CB414AF}.Release|x86.Build.0 = Release|Any CPU
		{4586F789-5B03-4EB7-B4C0-22C1F3C1EC83}.Debug|Any CPU.ActiveCfg = Debug|Any CPU
		{4586F789-5B03-4EB7-B4C0-22C1F3C1EC83}.Debug|Any CPU.Build.0 = Debug|Any CPU
		{4586F789-5B03-4EB7-B4C0-22C1F3C1EC83}.Debug|Mixed Platforms.ActiveCfg = Debug|Any CPU
		{4586F789-5B03-4EB7-B4C0-22C1F3C1EC83}.Debug|Mixed Platforms.Build.0 = Debug|Any CPU
		{4586F789-5B03-4EB7-B4C0-22C1F3C1EC83}.Debug|x86.ActiveCfg = Debug|Any CPU
		{4586F789-5B03-4EB7-B4C0-22C1F3C1EC83}.Debug|x86.Build.0 = Debug|Any CPU
		{4586F789-5B03-4EB7-B4C0-22C1F3C1EC83}.Release|Any CPU.ActiveCfg = Release|Any CPU
		{4586F789-5B03-4EB7-B4C0-22C1F3C1EC83}.Release|Any CPU.Build.0 = Release|Any CPU
		{4586F789-5B03-4EB7-B4C0-22C1F3C1EC83}.Release|Mixed Platforms.ActiveCfg = Release|Any CPU
		{4586F789-5B03-4EB7-B4C0-22C1F3C1EC83}.Release|Mixed Platforms.Build.0 = Release|Any CPU
		{4586F789-5B03-4EB7-B4C0-22C1F3C1EC83}.Release|x86.ActiveCfg = Release|Any CPU
		{4586F789-5B03-4EB7-B4C0-22C1F3C1EC83}.Release|x86.Build.0 = Release|Any CPU
		{7DD8C78D-E93E-4026-B34E-224AF219F2FE}.Debug|Any CPU.ActiveCfg = Debug|Any CPU
		{7DD8C78D-E93E-4026-B34E-224AF219F2FE}.Debug|Any CPU.Build.0 = Debug|Any CPU
		{7DD8C78D-E93E-4026-B34E-224AF219F2FE}.Debug|Mixed Platforms.ActiveCfg = Debug|Any CPU
		{7DD8C78D-E93E-4026-B34E-224AF219F2FE}.Debug|Mixed Platforms.Build.0 = Debug|Any CPU
		{7DD8C78D-E93E-4026-B34E-224AF219F2FE}.Debug|x86.ActiveCfg = Debug|Any CPU
		{7DD8C78D-E93E-4026-B34E-224AF219F2FE}.Debug|x86.Build.0 = Debug|Any CPU
		{7DD8C78D-E93E-4026-B34E-224AF219F2FE}.Release|Any CPU.ActiveCfg = Release|Any CPU
		{7DD8C78D-E93E-4026-B34E-224AF219F2FE}.Release|Any CPU.Build.0 = Release|Any CPU
		{7DD8C78D-E93E-4026-B34E-224AF219F2FE}.Release|Mixed Platforms.ActiveCfg = Release|Any CPU
		{7DD8C78D-E93E-4026-B34E-224AF219F2FE}.Release|Mixed Platforms.Build.0 = Release|Any CPU
		{7DD8C78D-E93E-4026-B34E-224AF219F2FE}.Release|x86.ActiveCfg = Release|Any CPU
		{7DD8C78D-E93E-4026-B34E-224AF219F2FE}.Release|x86.Build.0 = Release|Any CPU
		{6057A19F-37A7-4DEF-A840-9210EE233758}.Debug|Any CPU.ActiveCfg = Debug|Any CPU
		{6057A19F-37A7-4DEF-A840-9210EE233758}.Debug|Any CPU.Build.0 = Debug|Any CPU
		{6057A19F-37A7-4DEF-A840-9210EE233758}.Debug|Mixed Platforms.ActiveCfg = Debug|Any CPU
		{6057A19F-37A7-4DEF-A840-9210EE233758}.Debug|Mixed Platforms.Build.0 = Debug|Any CPU
		{6057A19F-37A7-4DEF-A840-9210EE233758}.Debug|x86.ActiveCfg = Debug|Any CPU
		{6057A19F-37A7-4DEF-A840-9210EE233758}.Debug|x86.Build.0 = Debug|Any CPU
		{6057A19F-37A7-4DEF-A840-9210EE233758}.Release|Any CPU.ActiveCfg = Release|Any CPU
		{6057A19F-37A7-4DEF-A840-9210EE233758}.Release|Any CPU.Build.0 = Release|Any CPU
		{6057A19F-37A7-4DEF-A840-9210EE233758}.Release|Mixed Platforms.ActiveCfg = Release|Any CPU
		{6057A19F-37A7-4DEF-A840-9210EE233758}.Release|Mixed Platforms.Build.0 = Release|Any CPU
		{6057A19F-37A7-4DEF-A840-9210EE233758}.Release|x86.ActiveCfg = Release|Any CPU
		{6057A19F-37A7-4DEF-A840-9210EE233758}.Release|x86.Build.0 = Release|Any CPU
		{C4F791D4-0ED1-4F4B-A35A-3061432645ED}.Debug|Any CPU.ActiveCfg = Debug|Any CPU
		{C4F791D4-0ED1-4F4B-A35A-3061432645ED}.Debug|Any CPU.Build.0 = Debug|Any CPU
		{C4F791D4-0ED1-4F4B-A35A-3061432645ED}.Debug|Mixed Platforms.ActiveCfg = Debug|Any CPU
		{C4F791D4-0ED1-4F4B-A35A-3061432645ED}.Debug|Mixed Platforms.Build.0 = Debug|Any CPU
		{C4F791D4-0ED1-4F4B-A35A-3061432645ED}.Debug|x86.ActiveCfg = Debug|Any CPU
		{C4F791D4-0ED1-4F4B-A35A-3061432645ED}.Debug|x86.Build.0 = Debug|Any CPU
		{C4F791D4-0ED1-4F4B-A35A-3061432645ED}.Release|Any CPU.ActiveCfg = Release|Any CPU
		{C4F791D4-0ED1-4F4B-A35A-3061432645ED}.Release|Any CPU.Build.0 = Release|Any CPU
		{C4F791D4-0ED1-4F4B-A35A-3061432645ED}.Release|Mixed Platforms.ActiveCfg = Release|Any CPU
		{C4F791D4-0ED1-4F4B-A35A-3061432645ED}.Release|Mixed Platforms.Build.0 = Release|Any CPU
		{C4F791D4-0ED1-4F4B-A35A-3061432645ED}.Release|x86.ActiveCfg = Release|Any CPU
		{C4F791D4-0ED1-4F4B-A35A-3061432645ED}.Release|x86.Build.0 = Release|Any CPU
		{02AEFEF1-C41E-40A9-8CC3-9A50B273607F}.Debug|Any CPU.ActiveCfg = Debug|Any CPU
		{02AEFEF1-C41E-40A9-8CC3-9A50B273607F}.Debug|Any CPU.Build.0 = Debug|Any CPU
		{02AEFEF1-C41E-40A9-8CC3-9A50B273607F}.Debug|Mixed Platforms.ActiveCfg = Debug|Any CPU
		{02AEFEF1-C41E-40A9-8CC3-9A50B273607F}.Debug|Mixed Platforms.Build.0 = Debug|Any CPU
		{02AEFEF1-C41E-40A9-8CC3-9A50B273607F}.Debug|x86.ActiveCfg = Debug|Any CPU
		{02AEFEF1-C41E-40A9-8CC3-9A50B273607F}.Debug|x86.Build.0 = Debug|Any CPU
		{02AEFEF1-C41E-40A9-8CC3-9A50B273607F}.Release|Any CPU.ActiveCfg = Release|Any CPU
		{02AEFEF1-C41E-40A9-8CC3-9A50B273607F}.Release|Any CPU.Build.0 = Release|Any CPU
		{02AEFEF1-C41E-40A9-8CC3-9A50B273607F}.Release|Mixed Platforms.ActiveCfg = Release|Any CPU
		{02AEFEF1-C41E-40A9-8CC3-9A50B273607F}.Release|Mixed Platforms.Build.0 = Release|Any CPU
		{02AEFEF1-C41E-40A9-8CC3-9A50B273607F}.Release|x86.ActiveCfg = Release|Any CPU
		{02AEFEF1-C41E-40A9-8CC3-9A50B273607F}.Release|x86.Build.0 = Release|Any CPU
		{3AED3D8A-58E2-42C1-AA38-99A0BCBC94C2}.Debug|Any CPU.ActiveCfg = Debug|Any CPU
		{3AED3D8A-58E2-42C1-AA38-99A0BCBC94C2}.Debug|Any CPU.Build.0 = Debug|Any CPU
		{3AED3D8A-58E2-42C1-AA38-99A0BCBC94C2}.Debug|Mixed Platforms.ActiveCfg = Debug|Any CPU
		{3AED3D8A-58E2-42C1-AA38-99A0BCBC94C2}.Debug|Mixed Platforms.Build.0 = Debug|Any CPU
		{3AED3D8A-58E2-42C1-AA38-99A0BCBC94C2}.Debug|x86.ActiveCfg = Debug|Any CPU
		{3AED3D8A-58E2-42C1-AA38-99A0BCBC94C2}.Debug|x86.Build.0 = Debug|Any CPU
		{3AED3D8A-58E2-42C1-AA38-99A0BCBC94C2}.Release|Any CPU.ActiveCfg = Release|Any CPU
		{3AED3D8A-58E2-42C1-AA38-99A0BCBC94C2}.Release|Any CPU.Build.0 = Release|Any CPU
		{3AED3D8A-58E2-42C1-AA38-99A0BCBC94C2}.Release|Mixed Platforms.ActiveCfg = Release|Any CPU
		{3AED3D8A-58E2-42C1-AA38-99A0BCBC94C2}.Release|Mixed Platforms.Build.0 = Release|Any CPU
		{3AED3D8A-58E2-42C1-AA38-99A0BCBC94C2}.Release|x86.ActiveCfg = Release|Any CPU
		{3AED3D8A-58E2-42C1-AA38-99A0BCBC94C2}.Release|x86.Build.0 = Release|Any CPU
		{5F5FD746-021C-467F-B725-72AC6976B8DF}.Debug|Any CPU.ActiveCfg = Debug|Any CPU
		{5F5FD746-021C-467F-B725-72AC6976B8DF}.Debug|Any CPU.Build.0 = Debug|Any CPU
		{5F5FD746-021C-467F-B725-72AC6976B8DF}.Debug|Mixed Platforms.ActiveCfg = Debug|Any CPU
		{5F5FD746-021C-467F-B725-72AC6976B8DF}.Debug|Mixed Platforms.Build.0 = Debug|Any CPU
		{5F5FD746-021C-467F-B725-72AC6976B8DF}.Debug|x86.ActiveCfg = Debug|Any CPU
		{5F5FD746-021C-467F-B725-72AC6976B8DF}.Debug|x86.Build.0 = Debug|Any CPU
		{5F5FD746-021C-467F-B725-72AC6976B8DF}.Release|Any CPU.ActiveCfg = Release|Any CPU
		{5F5FD746-021C-467F-B725-72AC6976B8DF}.Release|Any CPU.Build.0 = Release|Any CPU
		{5F5FD746-021C-467F-B725-72AC6976B8DF}.Release|Mixed Platforms.ActiveCfg = Release|Any CPU
		{5F5FD746-021C-467F-B725-72AC6976B8DF}.Release|Mixed Platforms.Build.0 = Release|Any CPU
		{5F5FD746-021C-467F-B725-72AC6976B8DF}.Release|x86.ActiveCfg = Release|Any CPU
		{5F5FD746-021C-467F-B725-72AC6976B8DF}.Release|x86.Build.0 = Release|Any CPU
		{10DFF7B0-CEC5-4A5B-93D0-826E2674E2E1}.Debug|Any CPU.ActiveCfg = Debug|Any CPU
		{10DFF7B0-CEC5-4A5B-93D0-826E2674E2E1}.Debug|Any CPU.Build.0 = Debug|Any CPU
		{10DFF7B0-CEC5-4A5B-93D0-826E2674E2E1}.Debug|Mixed Platforms.ActiveCfg = Debug|Any CPU
		{10DFF7B0-CEC5-4A5B-93D0-826E2674E2E1}.Debug|Mixed Platforms.Build.0 = Debug|Any CPU
		{10DFF7B0-CEC5-4A5B-93D0-826E2674E2E1}.Debug|x86.ActiveCfg = Debug|Any CPU
		{10DFF7B0-CEC5-4A5B-93D0-826E2674E2E1}.Debug|x86.Build.0 = Debug|Any CPU
		{10DFF7B0-CEC5-4A5B-93D0-826E2674E2E1}.Release|Any CPU.ActiveCfg = Release|Any CPU
		{10DFF7B0-CEC5-4A5B-93D0-826E2674E2E1}.Release|Any CPU.Build.0 = Release|Any CPU
		{10DFF7B0-CEC5-4A5B-93D0-826E2674E2E1}.Release|Mixed Platforms.ActiveCfg = Release|Any CPU
		{10DFF7B0-CEC5-4A5B-93D0-826E2674E2E1}.Release|Mixed Platforms.Build.0 = Release|Any CPU
		{10DFF7B0-CEC5-4A5B-93D0-826E2674E2E1}.Release|x86.ActiveCfg = Release|Any CPU
		{10DFF7B0-CEC5-4A5B-93D0-826E2674E2E1}.Release|x86.Build.0 = Release|Any CPU
		{0A34763E-BD5E-4B0C-A3DD-8F95A80AF008}.Debug|Any CPU.ActiveCfg = Debug|Any CPU
		{0A34763E-BD5E-4B0C-A3DD-8F95A80AF008}.Debug|Any CPU.Build.0 = Debug|Any CPU
		{0A34763E-BD5E-4B0C-A3DD-8F95A80AF008}.Debug|Mixed Platforms.ActiveCfg = Debug|Any CPU
		{0A34763E-BD5E-4B0C-A3DD-8F95A80AF008}.Debug|Mixed Platforms.Build.0 = Debug|Any CPU
		{0A34763E-BD5E-4B0C-A3DD-8F95A80AF008}.Debug|x86.ActiveCfg = Debug|Any CPU
		{0A34763E-BD5E-4B0C-A3DD-8F95A80AF008}.Debug|x86.Build.0 = Debug|Any CPU
		{0A34763E-BD5E-4B0C-A3DD-8F95A80AF008}.Release|Any CPU.ActiveCfg = Release|Any CPU
		{0A34763E-BD5E-4B0C-A3DD-8F95A80AF008}.Release|Any CPU.Build.0 = Release|Any CPU
		{0A34763E-BD5E-4B0C-A3DD-8F95A80AF008}.Release|Mixed Platforms.ActiveCfg = Release|Any CPU
		{0A34763E-BD5E-4B0C-A3DD-8F95A80AF008}.Release|Mixed Platforms.Build.0 = Release|Any CPU
		{0A34763E-BD5E-4B0C-A3DD-8F95A80AF008}.Release|x86.ActiveCfg = Release|Any CPU
		{0A34763E-BD5E-4B0C-A3DD-8F95A80AF008}.Release|x86.Build.0 = Release|Any CPU
		{7278FC2F-4AD5-458A-97F2-B75EBC3B7761}.Debug|Any CPU.ActiveCfg = Debug|Any CPU
		{7278FC2F-4AD5-458A-97F2-B75EBC3B7761}.Debug|Any CPU.Build.0 = Debug|Any CPU
		{7278FC2F-4AD5-458A-97F2-B75EBC3B7761}.Debug|Mixed Platforms.ActiveCfg = Debug|Any CPU
		{7278FC2F-4AD5-458A-97F2-B75EBC3B7761}.Debug|Mixed Platforms.Build.0 = Debug|Any CPU
		{7278FC2F-4AD5-458A-97F2-B75EBC3B7761}.Debug|x86.ActiveCfg = Debug|Any CPU
		{7278FC2F-4AD5-458A-97F2-B75EBC3B7761}.Debug|x86.Build.0 = Debug|Any CPU
		{7278FC2F-4AD5-458A-97F2-B75EBC3B7761}.Release|Any CPU.ActiveCfg = Release|Any CPU
		{7278FC2F-4AD5-458A-97F2-B75EBC3B7761}.Release|Any CPU.Build.0 = Release|Any CPU
		{7278FC2F-4AD5-458A-97F2-B75EBC3B7761}.Release|Mixed Platforms.ActiveCfg = Release|Any CPU
		{7278FC2F-4AD5-458A-97F2-B75EBC3B7761}.Release|Mixed Platforms.Build.0 = Release|Any CPU
		{7278FC2F-4AD5-458A-97F2-B75EBC3B7761}.Release|x86.ActiveCfg = Release|Any CPU
		{7278FC2F-4AD5-458A-97F2-B75EBC3B7761}.Release|x86.Build.0 = Release|Any CPU
		{9D0FDD1C-2F7C-4B03-87B2-2358BB8A89F7}.Debug|Any CPU.ActiveCfg = Debug|Any CPU
		{9D0FDD1C-2F7C-4B03-87B2-2358BB8A89F7}.Debug|Any CPU.Build.0 = Debug|Any CPU
		{9D0FDD1C-2F7C-4B03-87B2-2358BB8A89F7}.Debug|Mixed Platforms.ActiveCfg = Debug|Any CPU
		{9D0FDD1C-2F7C-4B03-87B2-2358BB8A89F7}.Debug|Mixed Platforms.Build.0 = Debug|Any CPU
		{9D0FDD1C-2F7C-4B03-87B2-2358BB8A89F7}.Debug|x86.ActiveCfg = Debug|Any CPU
		{9D0FDD1C-2F7C-4B03-87B2-2358BB8A89F7}.Debug|x86.Build.0 = Debug|Any CPU
		{9D0FDD1C-2F7C-4B03-87B2-2358BB8A89F7}.Release|Any CPU.ActiveCfg = Release|Any CPU
		{9D0FDD1C-2F7C-4B03-87B2-2358BB8A89F7}.Release|Any CPU.Build.0 = Release|Any CPU
		{9D0FDD1C-2F7C-4B03-87B2-2358BB8A89F7}.Release|Mixed Platforms.ActiveCfg = Release|Any CPU
		{9D0FDD1C-2F7C-4B03-87B2-2358BB8A89F7}.Release|Mixed Platforms.Build.0 = Release|Any CPU
		{9D0FDD1C-2F7C-4B03-87B2-2358BB8A89F7}.Release|x86.ActiveCfg = Release|Any CPU
		{9D0FDD1C-2F7C-4B03-87B2-2358BB8A89F7}.Release|x86.Build.0 = Release|Any CPU
		{E959394F-EFD7-47C9-89EF-3D839AA23D9F}.Debug|Any CPU.ActiveCfg = Debug|Any CPU
		{E959394F-EFD7-47C9-89EF-3D839AA23D9F}.Debug|Any CPU.Build.0 = Debug|Any CPU
		{E959394F-EFD7-47C9-89EF-3D839AA23D9F}.Debug|Mixed Platforms.ActiveCfg = Debug|Any CPU
		{E959394F-EFD7-47C9-89EF-3D839AA23D9F}.Debug|Mixed Platforms.Build.0 = Debug|Any CPU
		{E959394F-EFD7-47C9-89EF-3D839AA23D9F}.Debug|x86.ActiveCfg = Debug|Any CPU
		{E959394F-EFD7-47C9-89EF-3D839AA23D9F}.Debug|x86.Build.0 = Debug|Any CPU
		{E959394F-EFD7-47C9-89EF-3D839AA23D9F}.Release|Any CPU.ActiveCfg = Release|Any CPU
		{E959394F-EFD7-47C9-89EF-3D839AA23D9F}.Release|Any CPU.Build.0 = Release|Any CPU
		{E959394F-EFD7-47C9-89EF-3D839AA23D9F}.Release|Mixed Platforms.ActiveCfg = Release|Any CPU
		{E959394F-EFD7-47C9-89EF-3D839AA23D9F}.Release|Mixed Platforms.Build.0 = Release|Any CPU
		{E959394F-EFD7-47C9-89EF-3D839AA23D9F}.Release|x86.ActiveCfg = Release|Any CPU
		{E959394F-EFD7-47C9-89EF-3D839AA23D9F}.Release|x86.Build.0 = Release|Any CPU
		{F5607245-B5A8-45D9-BD1B-A87CCB477FB5}.Debug|Any CPU.ActiveCfg = Debug|Any CPU
		{F5607245-B5A8-45D9-BD1B-A87CCB477FB5}.Debug|Any CPU.Build.0 = Debug|Any CPU
		{F5607245-B5A8-45D9-BD1B-A87CCB477FB5}.Debug|Mixed Platforms.ActiveCfg = Debug|Any CPU
		{F5607245-B5A8-45D9-BD1B-A87CCB477FB5}.Debug|Mixed Platforms.Build.0 = Debug|Any CPU
		{F5607245-B5A8-45D9-BD1B-A87CCB477FB5}.Debug|x86.ActiveCfg = Debug|Any CPU
		{F5607245-B5A8-45D9-BD1B-A87CCB477FB5}.Debug|x86.Build.0 = Debug|Any CPU
		{F5607245-B5A8-45D9-BD1B-A87CCB477FB5}.Release|Any CPU.ActiveCfg = Release|Any CPU
		{F5607245-B5A8-45D9-BD1B-A87CCB477FB5}.Release|Any CPU.Build.0 = Release|Any CPU
		{F5607245-B5A8-45D9-BD1B-A87CCB477FB5}.Release|Mixed Platforms.ActiveCfg = Release|Any CPU
		{F5607245-B5A8-45D9-BD1B-A87CCB477FB5}.Release|Mixed Platforms.Build.0 = Release|Any CPU
		{F5607245-B5A8-45D9-BD1B-A87CCB477FB5}.Release|x86.ActiveCfg = Release|Any CPU
		{F5607245-B5A8-45D9-BD1B-A87CCB477FB5}.Release|x86.Build.0 = Release|Any CPU
		{CC1F3B24-FE77-4EFD-AA25-489F1C07B383}.Debug|Any CPU.ActiveCfg = Debug|Any CPU
		{CC1F3B24-FE77-4EFD-AA25-489F1C07B383}.Debug|Any CPU.Build.0 = Debug|Any CPU
		{CC1F3B24-FE77-4EFD-AA25-489F1C07B383}.Debug|Mixed Platforms.ActiveCfg = Debug|Any CPU
		{CC1F3B24-FE77-4EFD-AA25-489F1C07B383}.Debug|Mixed Platforms.Build.0 = Debug|Any CPU
		{CC1F3B24-FE77-4EFD-AA25-489F1C07B383}.Debug|x86.ActiveCfg = Debug|Any CPU
		{CC1F3B24-FE77-4EFD-AA25-489F1C07B383}.Debug|x86.Build.0 = Debug|Any CPU
		{CC1F3B24-FE77-4EFD-AA25-489F1C07B383}.Release|Any CPU.ActiveCfg = Release|Any CPU
		{CC1F3B24-FE77-4EFD-AA25-489F1C07B383}.Release|Any CPU.Build.0 = Release|Any CPU
		{CC1F3B24-FE77-4EFD-AA25-489F1C07B383}.Release|Mixed Platforms.ActiveCfg = Release|Any CPU
		{CC1F3B24-FE77-4EFD-AA25-489F1C07B383}.Release|Mixed Platforms.Build.0 = Release|Any CPU
		{CC1F3B24-FE77-4EFD-AA25-489F1C07B383}.Release|x86.ActiveCfg = Release|Any CPU
		{CC1F3B24-FE77-4EFD-AA25-489F1C07B383}.Release|x86.Build.0 = Release|Any CPU
		{C13629FB-6434-45E6-B8A8-3379CE1BEF03}.Debug|Any CPU.ActiveCfg = Debug|Any CPU
		{C13629FB-6434-45E6-B8A8-3379CE1BEF03}.Debug|Any CPU.Build.0 = Debug|Any CPU
		{C13629FB-6434-45E6-B8A8-3379CE1BEF03}.Debug|Mixed Platforms.ActiveCfg = Debug|Any CPU
		{C13629FB-6434-45E6-B8A8-3379CE1BEF03}.Debug|Mixed Platforms.Build.0 = Debug|Any CPU
		{C13629FB-6434-45E6-B8A8-3379CE1BEF03}.Debug|x86.ActiveCfg = Debug|Any CPU
		{C13629FB-6434-45E6-B8A8-3379CE1BEF03}.Debug|x86.Build.0 = Debug|Any CPU
		{C13629FB-6434-45E6-B8A8-3379CE1BEF03}.Release|Any CPU.ActiveCfg = Release|Any CPU
		{C13629FB-6434-45E6-B8A8-3379CE1BEF03}.Release|Any CPU.Build.0 = Release|Any CPU
		{C13629FB-6434-45E6-B8A8-3379CE1BEF03}.Release|Mixed Platforms.ActiveCfg = Release|Any CPU
		{C13629FB-6434-45E6-B8A8-3379CE1BEF03}.Release|Mixed Platforms.Build.0 = Release|Any CPU
		{C13629FB-6434-45E6-B8A8-3379CE1BEF03}.Release|x86.ActiveCfg = Release|Any CPU
		{C13629FB-6434-45E6-B8A8-3379CE1BEF03}.Release|x86.Build.0 = Release|Any CPU
		{9CFB55A0-1EFC-45C3-B498-16842CC58F44}.Debug|Any CPU.ActiveCfg = Debug|Any CPU
		{9CFB55A0-1EFC-45C3-B498-16842CC58F44}.Debug|Any CPU.Build.0 = Debug|Any CPU
		{9CFB55A0-1EFC-45C3-B498-16842CC58F44}.Debug|Mixed Platforms.ActiveCfg = Debug|Any CPU
		{9CFB55A0-1EFC-45C3-B498-16842CC58F44}.Debug|Mixed Platforms.Build.0 = Debug|Any CPU
		{9CFB55A0-1EFC-45C3-B498-16842CC58F44}.Debug|x86.ActiveCfg = Debug|Any CPU
		{9CFB55A0-1EFC-45C3-B498-16842CC58F44}.Debug|x86.Build.0 = Debug|Any CPU
		{9CFB55A0-1EFC-45C3-B498-16842CC58F44}.Release|Any CPU.ActiveCfg = Release|Any CPU
		{9CFB55A0-1EFC-45C3-B498-16842CC58F44}.Release|Any CPU.Build.0 = Release|Any CPU
		{9CFB55A0-1EFC-45C3-B498-16842CC58F44}.Release|Mixed Platforms.ActiveCfg = Release|Any CPU
		{9CFB55A0-1EFC-45C3-B498-16842CC58F44}.Release|Mixed Platforms.Build.0 = Release|Any CPU
		{9CFB55A0-1EFC-45C3-B498-16842CC58F44}.Release|x86.ActiveCfg = Release|Any CPU
		{9CFB55A0-1EFC-45C3-B498-16842CC58F44}.Release|x86.Build.0 = Release|Any CPU
		{D02FF5A2-AAC8-456F-B972-C122D50D584C}.Debug|Any CPU.ActiveCfg = Debug|Any CPU
		{D02FF5A2-AAC8-456F-B972-C122D50D584C}.Debug|Any CPU.Build.0 = Debug|Any CPU
		{D02FF5A2-AAC8-456F-B972-C122D50D584C}.Debug|Mixed Platforms.ActiveCfg = Debug|Any CPU
		{D02FF5A2-AAC8-456F-B972-C122D50D584C}.Debug|Mixed Platforms.Build.0 = Debug|Any CPU
		{D02FF5A2-AAC8-456F-B972-C122D50D584C}.Debug|x86.ActiveCfg = Debug|Any CPU
		{D02FF5A2-AAC8-456F-B972-C122D50D584C}.Debug|x86.Build.0 = Debug|Any CPU
		{D02FF5A2-AAC8-456F-B972-C122D50D584C}.Release|Any CPU.ActiveCfg = Release|Any CPU
		{D02FF5A2-AAC8-456F-B972-C122D50D584C}.Release|Any CPU.Build.0 = Release|Any CPU
		{D02FF5A2-AAC8-456F-B972-C122D50D584C}.Release|Mixed Platforms.ActiveCfg = Release|Any CPU
		{D02FF5A2-AAC8-456F-B972-C122D50D584C}.Release|Mixed Platforms.Build.0 = Release|Any CPU
		{D02FF5A2-AAC8-456F-B972-C122D50D584C}.Release|x86.ActiveCfg = Release|Any CPU
		{D02FF5A2-AAC8-456F-B972-C122D50D584C}.Release|x86.Build.0 = Release|Any CPU
		{B599C8C5-E187-4C88-BBF8-0E8F7D50E9AD}.Debug|Any CPU.ActiveCfg = Debug|Any CPU
		{B599C8C5-E187-4C88-BBF8-0E8F7D50E9AD}.Debug|Any CPU.Build.0 = Debug|Any CPU
		{B599C8C5-E187-4C88-BBF8-0E8F7D50E9AD}.Debug|Mixed Platforms.ActiveCfg = Debug|Any CPU
		{B599C8C5-E187-4C88-BBF8-0E8F7D50E9AD}.Debug|Mixed Platforms.Build.0 = Debug|Any CPU
		{B599C8C5-E187-4C88-BBF8-0E8F7D50E9AD}.Debug|x86.ActiveCfg = Debug|Any CPU
		{B599C8C5-E187-4C88-BBF8-0E8F7D50E9AD}.Debug|x86.Build.0 = Debug|Any CPU
		{B599C8C5-E187-4C88-BBF8-0E8F7D50E9AD}.Release|Any CPU.ActiveCfg = Release|Any CPU
		{B599C8C5-E187-4C88-BBF8-0E8F7D50E9AD}.Release|Any CPU.Build.0 = Release|Any CPU
		{B599C8C5-E187-4C88-BBF8-0E8F7D50E9AD}.Release|Mixed Platforms.ActiveCfg = Release|Any CPU
		{B599C8C5-E187-4C88-BBF8-0E8F7D50E9AD}.Release|Mixed Platforms.Build.0 = Release|Any CPU
		{B599C8C5-E187-4C88-BBF8-0E8F7D50E9AD}.Release|x86.ActiveCfg = Release|Any CPU
		{B599C8C5-E187-4C88-BBF8-0E8F7D50E9AD}.Release|x86.Build.0 = Release|Any CPU
		{E1940725-BC89-4148-A232-750A3AA4E9CC}.Debug|Any CPU.ActiveCfg = Debug|Any CPU
		{E1940725-BC89-4148-A232-750A3AA4E9CC}.Debug|Any CPU.Build.0 = Debug|Any CPU
		{E1940725-BC89-4148-A232-750A3AA4E9CC}.Debug|Mixed Platforms.ActiveCfg = Debug|Any CPU
		{E1940725-BC89-4148-A232-750A3AA4E9CC}.Debug|Mixed Platforms.Build.0 = Debug|Any CPU
		{E1940725-BC89-4148-A232-750A3AA4E9CC}.Debug|x86.ActiveCfg = Debug|Any CPU
		{E1940725-BC89-4148-A232-750A3AA4E9CC}.Debug|x86.Build.0 = Debug|Any CPU
		{E1940725-BC89-4148-A232-750A3AA4E9CC}.Release|Any CPU.ActiveCfg = Release|Any CPU
		{E1940725-BC89-4148-A232-750A3AA4E9CC}.Release|Any CPU.Build.0 = Release|Any CPU
		{E1940725-BC89-4148-A232-750A3AA4E9CC}.Release|Mixed Platforms.ActiveCfg = Release|Any CPU
		{E1940725-BC89-4148-A232-750A3AA4E9CC}.Release|Mixed Platforms.Build.0 = Release|Any CPU
		{E1940725-BC89-4148-A232-750A3AA4E9CC}.Release|x86.ActiveCfg = Release|Any CPU
		{E1940725-BC89-4148-A232-750A3AA4E9CC}.Release|x86.Build.0 = Release|Any CPU
		{69F777FB-18D7-4B51-AE3C-06047C6374DE}.Debug|Any CPU.ActiveCfg = Debug|Any CPU
		{69F777FB-18D7-4B51-AE3C-06047C6374DE}.Debug|Any CPU.Build.0 = Debug|Any CPU
		{69F777FB-18D7-4B51-AE3C-06047C6374DE}.Debug|Mixed Platforms.ActiveCfg = Debug|Any CPU
		{69F777FB-18D7-4B51-AE3C-06047C6374DE}.Debug|Mixed Platforms.Build.0 = Debug|Any CPU
		{69F777FB-18D7-4B51-AE3C-06047C6374DE}.Debug|x86.ActiveCfg = Debug|Any CPU
		{69F777FB-18D7-4B51-AE3C-06047C6374DE}.Debug|x86.Build.0 = Debug|Any CPU
		{69F777FB-18D7-4B51-AE3C-06047C6374DE}.Release|Any CPU.ActiveCfg = Release|Any CPU
		{69F777FB-18D7-4B51-AE3C-06047C6374DE}.Release|Any CPU.Build.0 = Release|Any CPU
		{69F777FB-18D7-4B51-AE3C-06047C6374DE}.Release|Mixed Platforms.ActiveCfg = Release|Any CPU
		{69F777FB-18D7-4B51-AE3C-06047C6374DE}.Release|Mixed Platforms.Build.0 = Release|Any CPU
		{69F777FB-18D7-4B51-AE3C-06047C6374DE}.Release|x86.ActiveCfg = Release|Any CPU
		{69F777FB-18D7-4B51-AE3C-06047C6374DE}.Release|x86.Build.0 = Release|Any CPU
		{BBD07086-9713-4FC4-96F1-1A6568D64451}.Debug|Any CPU.ActiveCfg = Debug|Any CPU
		{BBD07086-9713-4FC4-96F1-1A6568D64451}.Debug|Any CPU.Build.0 = Debug|Any CPU
		{BBD07086-9713-4FC4-96F1-1A6568D64451}.Debug|Mixed Platforms.ActiveCfg = Debug|Any CPU
		{BBD07086-9713-4FC4-96F1-1A6568D64451}.Debug|Mixed Platforms.Build.0 = Debug|Any CPU
		{BBD07086-9713-4FC4-96F1-1A6568D64451}.Debug|x86.ActiveCfg = Debug|Any CPU
		{BBD07086-9713-4FC4-96F1-1A6568D64451}.Debug|x86.Build.0 = Debug|Any CPU
		{BBD07086-9713-4FC4-96F1-1A6568D64451}.Release|Any CPU.ActiveCfg = Release|Any CPU
		{BBD07086-9713-4FC4-96F1-1A6568D64451}.Release|Any CPU.Build.0 = Release|Any CPU
		{BBD07086-9713-4FC4-96F1-1A6568D64451}.Release|Mixed Platforms.ActiveCfg = Release|Any CPU
		{BBD07086-9713-4FC4-96F1-1A6568D64451}.Release|Mixed Platforms.Build.0 = Release|Any CPU
		{BBD07086-9713-4FC4-96F1-1A6568D64451}.Release|x86.ActiveCfg = Release|Any CPU
		{BBD07086-9713-4FC4-96F1-1A6568D64451}.Release|x86.Build.0 = Release|Any CPU
		{A9CCDBAE-CB07-4F0A-AF38-9D72E3AD8C2E}.Debug|Any CPU.ActiveCfg = Debug|Any CPU
		{A9CCDBAE-CB07-4F0A-AF38-9D72E3AD8C2E}.Debug|Any CPU.Build.0 = Debug|Any CPU
		{A9CCDBAE-CB07-4F0A-AF38-9D72E3AD8C2E}.Debug|Mixed Platforms.ActiveCfg = Debug|Any CPU
		{A9CCDBAE-CB07-4F0A-AF38-9D72E3AD8C2E}.Debug|Mixed Platforms.Build.0 = Debug|Any CPU
		{A9CCDBAE-CB07-4F0A-AF38-9D72E3AD8C2E}.Debug|x86.ActiveCfg = Debug|Any CPU
		{A9CCDBAE-CB07-4F0A-AF38-9D72E3AD8C2E}.Debug|x86.Build.0 = Debug|Any CPU
		{A9CCDBAE-CB07-4F0A-AF38-9D72E3AD8C2E}.Release|Any CPU.ActiveCfg = Release|Any CPU
		{A9CCDBAE-CB07-4F0A-AF38-9D72E3AD8C2E}.Release|Any CPU.Build.0 = Release|Any CPU
		{A9CCDBAE-CB07-4F0A-AF38-9D72E3AD8C2E}.Release|Mixed Platforms.ActiveCfg = Release|Any CPU
		{A9CCDBAE-CB07-4F0A-AF38-9D72E3AD8C2E}.Release|Mixed Platforms.Build.0 = Release|Any CPU
		{A9CCDBAE-CB07-4F0A-AF38-9D72E3AD8C2E}.Release|x86.ActiveCfg = Release|Any CPU
		{A9CCDBAE-CB07-4F0A-AF38-9D72E3AD8C2E}.Release|x86.Build.0 = Release|Any CPU
		{B67148D8-4B9D-4EC3-8A72-960F34210023}.Debug|Any CPU.ActiveCfg = Debug|Any CPU
		{B67148D8-4B9D-4EC3-8A72-960F34210023}.Debug|Any CPU.Build.0 = Debug|Any CPU
		{B67148D8-4B9D-4EC3-8A72-960F34210023}.Debug|Mixed Platforms.ActiveCfg = Debug|Any CPU
		{B67148D8-4B9D-4EC3-8A72-960F34210023}.Debug|Mixed Platforms.Build.0 = Debug|Any CPU
		{B67148D8-4B9D-4EC3-8A72-960F34210023}.Debug|x86.ActiveCfg = Debug|Any CPU
		{B67148D8-4B9D-4EC3-8A72-960F34210023}.Debug|x86.Build.0 = Debug|Any CPU
		{B67148D8-4B9D-4EC3-8A72-960F34210023}.Release|Any CPU.ActiveCfg = Release|Any CPU
		{B67148D8-4B9D-4EC3-8A72-960F34210023}.Release|Any CPU.Build.0 = Release|Any CPU
		{B67148D8-4B9D-4EC3-8A72-960F34210023}.Release|Mixed Platforms.ActiveCfg = Release|Any CPU
		{B67148D8-4B9D-4EC3-8A72-960F34210023}.Release|Mixed Platforms.Build.0 = Release|Any CPU
		{B67148D8-4B9D-4EC3-8A72-960F34210023}.Release|x86.ActiveCfg = Release|Any CPU
		{B67148D8-4B9D-4EC3-8A72-960F34210023}.Release|x86.Build.0 = Release|Any CPU
		{0D5B9139-FF5C-49A3-9B49-295670DE6A56}.Debug|Any CPU.ActiveCfg = Debug|Any CPU
		{0D5B9139-FF5C-49A3-9B49-295670DE6A56}.Debug|Any CPU.Build.0 = Debug|Any CPU
		{0D5B9139-FF5C-49A3-9B49-295670DE6A56}.Debug|Mixed Platforms.ActiveCfg = Debug|Any CPU
		{0D5B9139-FF5C-49A3-9B49-295670DE6A56}.Debug|Mixed Platforms.Build.0 = Debug|Any CPU
		{0D5B9139-FF5C-49A3-9B49-295670DE6A56}.Debug|x86.ActiveCfg = Debug|Any CPU
		{0D5B9139-FF5C-49A3-9B49-295670DE6A56}.Debug|x86.Build.0 = Debug|Any CPU
		{0D5B9139-FF5C-49A3-9B49-295670DE6A56}.Release|Any CPU.ActiveCfg = Release|Any CPU
		{0D5B9139-FF5C-49A3-9B49-295670DE6A56}.Release|Any CPU.Build.0 = Release|Any CPU
		{0D5B9139-FF5C-49A3-9B49-295670DE6A56}.Release|Mixed Platforms.ActiveCfg = Release|Any CPU
		{0D5B9139-FF5C-49A3-9B49-295670DE6A56}.Release|Mixed Platforms.Build.0 = Release|Any CPU
		{0D5B9139-FF5C-49A3-9B49-295670DE6A56}.Release|x86.ActiveCfg = Release|Any CPU
		{0D5B9139-FF5C-49A3-9B49-295670DE6A56}.Release|x86.Build.0 = Release|Any CPU
		{AB0B9A7A-C54B-443C-94DF-65CCE8EC5DE8}.Debug|Any CPU.ActiveCfg = Debug|Any CPU
		{AB0B9A7A-C54B-443C-94DF-65CCE8EC5DE8}.Debug|Any CPU.Build.0 = Debug|Any CPU
		{AB0B9A7A-C54B-443C-94DF-65CCE8EC5DE8}.Debug|Mixed Platforms.ActiveCfg = Debug|Any CPU
		{AB0B9A7A-C54B-443C-94DF-65CCE8EC5DE8}.Debug|Mixed Platforms.Build.0 = Debug|Any CPU
		{AB0B9A7A-C54B-443C-94DF-65CCE8EC5DE8}.Debug|x86.ActiveCfg = Debug|Any CPU
		{AB0B9A7A-C54B-443C-94DF-65CCE8EC5DE8}.Debug|x86.Build.0 = Debug|Any CPU
		{AB0B9A7A-C54B-443C-94DF-65CCE8EC5DE8}.Release|Any CPU.ActiveCfg = Release|Any CPU
		{AB0B9A7A-C54B-443C-94DF-65CCE8EC5DE8}.Release|Any CPU.Build.0 = Release|Any CPU
		{AB0B9A7A-C54B-443C-94DF-65CCE8EC5DE8}.Release|Mixed Platforms.ActiveCfg = Release|Any CPU
		{AB0B9A7A-C54B-443C-94DF-65CCE8EC5DE8}.Release|Mixed Platforms.Build.0 = Release|Any CPU
		{AB0B9A7A-C54B-443C-94DF-65CCE8EC5DE8}.Release|x86.ActiveCfg = Release|Any CPU
		{AB0B9A7A-C54B-443C-94DF-65CCE8EC5DE8}.Release|x86.Build.0 = Release|Any CPU
		{DB884AF5-2F93-41A0-9AC0-F5DD8122015D}.Debug|Any CPU.ActiveCfg = Debug|Any CPU
		{DB884AF5-2F93-41A0-9AC0-F5DD8122015D}.Debug|Any CPU.Build.0 = Debug|Any CPU
		{DB884AF5-2F93-41A0-9AC0-F5DD8122015D}.Debug|Mixed Platforms.ActiveCfg = Debug|Any CPU
		{DB884AF5-2F93-41A0-9AC0-F5DD8122015D}.Debug|Mixed Platforms.Build.0 = Debug|Any CPU
		{DB884AF5-2F93-41A0-9AC0-F5DD8122015D}.Debug|x86.ActiveCfg = Debug|Any CPU
		{DB884AF5-2F93-41A0-9AC0-F5DD8122015D}.Debug|x86.Build.0 = Debug|Any CPU
		{DB884AF5-2F93-41A0-9AC0-F5DD8122015D}.Release|Any CPU.ActiveCfg = Release|Any CPU
		{DB884AF5-2F93-41A0-9AC0-F5DD8122015D}.Release|Any CPU.Build.0 = Release|Any CPU
		{DB884AF5-2F93-41A0-9AC0-F5DD8122015D}.Release|Mixed Platforms.ActiveCfg = Release|Any CPU
		{DB884AF5-2F93-41A0-9AC0-F5DD8122015D}.Release|Mixed Platforms.Build.0 = Release|Any CPU
		{DB884AF5-2F93-41A0-9AC0-F5DD8122015D}.Release|x86.ActiveCfg = Release|Any CPU
		{DB884AF5-2F93-41A0-9AC0-F5DD8122015D}.Release|x86.Build.0 = Release|Any CPU
		{A3FB9AE0-1A6C-402E-AD73-C384F271D6B9}.Debug|Any CPU.ActiveCfg = Debug|Any CPU
		{A3FB9AE0-1A6C-402E-AD73-C384F271D6B9}.Debug|Any CPU.Build.0 = Debug|Any CPU
		{A3FB9AE0-1A6C-402E-AD73-C384F271D6B9}.Debug|Mixed Platforms.ActiveCfg = Debug|Any CPU
		{A3FB9AE0-1A6C-402E-AD73-C384F271D6B9}.Debug|Mixed Platforms.Build.0 = Debug|Any CPU
		{A3FB9AE0-1A6C-402E-AD73-C384F271D6B9}.Debug|x86.ActiveCfg = Debug|Any CPU
		{A3FB9AE0-1A6C-402E-AD73-C384F271D6B9}.Debug|x86.Build.0 = Debug|Any CPU
		{A3FB9AE0-1A6C-402E-AD73-C384F271D6B9}.Release|Any CPU.ActiveCfg = Release|Any CPU
		{A3FB9AE0-1A6C-402E-AD73-C384F271D6B9}.Release|Any CPU.Build.0 = Release|Any CPU
		{A3FB9AE0-1A6C-402E-AD73-C384F271D6B9}.Release|Mixed Platforms.ActiveCfg = Release|Any CPU
		{A3FB9AE0-1A6C-402E-AD73-C384F271D6B9}.Release|Mixed Platforms.Build.0 = Release|Any CPU
		{A3FB9AE0-1A6C-402E-AD73-C384F271D6B9}.Release|x86.ActiveCfg = Release|Any CPU
		{A3FB9AE0-1A6C-402E-AD73-C384F271D6B9}.Release|x86.Build.0 = Release|Any CPU
		{42F556E6-FBF9-44A5-93B9-C7D51144FA97}.Debug|Any CPU.ActiveCfg = Debug|Any CPU
		{42F556E6-FBF9-44A5-93B9-C7D51144FA97}.Debug|Any CPU.Build.0 = Debug|Any CPU
		{42F556E6-FBF9-44A5-93B9-C7D51144FA97}.Debug|Mixed Platforms.ActiveCfg = Debug|Any CPU
		{42F556E6-FBF9-44A5-93B9-C7D51144FA97}.Debug|Mixed Platforms.Build.0 = Debug|Any CPU
		{42F556E6-FBF9-44A5-93B9-C7D51144FA97}.Debug|x86.ActiveCfg = Debug|Any CPU
		{42F556E6-FBF9-44A5-93B9-C7D51144FA97}.Debug|x86.Build.0 = Debug|Any CPU
		{42F556E6-FBF9-44A5-93B9-C7D51144FA97}.Release|Any CPU.ActiveCfg = Release|Any CPU
		{42F556E6-FBF9-44A5-93B9-C7D51144FA97}.Release|Any CPU.Build.0 = Release|Any CPU
		{42F556E6-FBF9-44A5-93B9-C7D51144FA97}.Release|Mixed Platforms.ActiveCfg = Release|Any CPU
		{42F556E6-FBF9-44A5-93B9-C7D51144FA97}.Release|Mixed Platforms.Build.0 = Release|Any CPU
		{42F556E6-FBF9-44A5-93B9-C7D51144FA97}.Release|x86.ActiveCfg = Release|Any CPU
		{42F556E6-FBF9-44A5-93B9-C7D51144FA97}.Release|x86.Build.0 = Release|Any CPU
		{F1CEB98E-5BE5-4F71-8EAC-4B286323EF69}.Debug|Any CPU.ActiveCfg = Debug|Any CPU
		{F1CEB98E-5BE5-4F71-8EAC-4B286323EF69}.Debug|Any CPU.Build.0 = Debug|Any CPU
		{F1CEB98E-5BE5-4F71-8EAC-4B286323EF69}.Debug|Mixed Platforms.ActiveCfg = Debug|Any CPU
		{F1CEB98E-5BE5-4F71-8EAC-4B286323EF69}.Debug|Mixed Platforms.Build.0 = Debug|Any CPU
		{F1CEB98E-5BE5-4F71-8EAC-4B286323EF69}.Debug|x86.ActiveCfg = Debug|Any CPU
		{F1CEB98E-5BE5-4F71-8EAC-4B286323EF69}.Debug|x86.Build.0 = Debug|Any CPU
		{F1CEB98E-5BE5-4F71-8EAC-4B286323EF69}.Release|Any CPU.ActiveCfg = Release|Any CPU
		{F1CEB98E-5BE5-4F71-8EAC-4B286323EF69}.Release|Any CPU.Build.0 = Release|Any CPU
		{F1CEB98E-5BE5-4F71-8EAC-4B286323EF69}.Release|Mixed Platforms.ActiveCfg = Release|Any CPU
		{F1CEB98E-5BE5-4F71-8EAC-4B286323EF69}.Release|Mixed Platforms.Build.0 = Release|Any CPU
		{F1CEB98E-5BE5-4F71-8EAC-4B286323EF69}.Release|x86.ActiveCfg = Release|Any CPU
		{F1CEB98E-5BE5-4F71-8EAC-4B286323EF69}.Release|x86.Build.0 = Release|Any CPU
		{339BC752-B2BF-4DB1-BE1F-D66046EDC1F6}.Debug|Any CPU.ActiveCfg = Debug|Any CPU
		{339BC752-B2BF-4DB1-BE1F-D66046EDC1F6}.Debug|Any CPU.Build.0 = Debug|Any CPU
		{339BC752-B2BF-4DB1-BE1F-D66046EDC1F6}.Debug|Mixed Platforms.ActiveCfg = Debug|Any CPU
		{339BC752-B2BF-4DB1-BE1F-D66046EDC1F6}.Debug|Mixed Platforms.Build.0 = Debug|Any CPU
		{339BC752-B2BF-4DB1-BE1F-D66046EDC1F6}.Debug|x86.ActiveCfg = Debug|Any CPU
		{339BC752-B2BF-4DB1-BE1F-D66046EDC1F6}.Debug|x86.Build.0 = Debug|Any CPU
		{339BC752-B2BF-4DB1-BE1F-D66046EDC1F6}.Release|Any CPU.ActiveCfg = Release|Any CPU
		{339BC752-B2BF-4DB1-BE1F-D66046EDC1F6}.Release|Any CPU.Build.0 = Release|Any CPU
		{339BC752-B2BF-4DB1-BE1F-D66046EDC1F6}.Release|Mixed Platforms.ActiveCfg = Release|Any CPU
		{339BC752-B2BF-4DB1-BE1F-D66046EDC1F6}.Release|Mixed Platforms.Build.0 = Release|Any CPU
		{339BC752-B2BF-4DB1-BE1F-D66046EDC1F6}.Release|x86.ActiveCfg = Release|Any CPU
		{339BC752-B2BF-4DB1-BE1F-D66046EDC1F6}.Release|x86.Build.0 = Release|Any CPU
		{BB5E1018-C194-452B-BE57-EE15D73F8273}.Debug|Any CPU.ActiveCfg = Debug|Any CPU
		{BB5E1018-C194-452B-BE57-EE15D73F8273}.Debug|Any CPU.Build.0 = Debug|Any CPU
		{BB5E1018-C194-452B-BE57-EE15D73F8273}.Debug|Mixed Platforms.ActiveCfg = Debug|Any CPU
		{BB5E1018-C194-452B-BE57-EE15D73F8273}.Debug|Mixed Platforms.Build.0 = Debug|Any CPU
		{BB5E1018-C194-452B-BE57-EE15D73F8273}.Debug|x86.ActiveCfg = Debug|Any CPU
		{BB5E1018-C194-452B-BE57-EE15D73F8273}.Debug|x86.Build.0 = Debug|Any CPU
		{BB5E1018-C194-452B-BE57-EE15D73F8273}.Release|Any CPU.ActiveCfg = Release|Any CPU
		{BB5E1018-C194-452B-BE57-EE15D73F8273}.Release|Any CPU.Build.0 = Release|Any CPU
		{BB5E1018-C194-452B-BE57-EE15D73F8273}.Release|Mixed Platforms.ActiveCfg = Release|Any CPU
		{BB5E1018-C194-452B-BE57-EE15D73F8273}.Release|Mixed Platforms.Build.0 = Release|Any CPU
		{BB5E1018-C194-452B-BE57-EE15D73F8273}.Release|x86.ActiveCfg = Release|Any CPU
		{BB5E1018-C194-452B-BE57-EE15D73F8273}.Release|x86.Build.0 = Release|Any CPU
		{D6833ECE-421E-4F61-A409-682490C35AEA}.Debug|Any CPU.ActiveCfg = Debug|Any CPU
		{D6833ECE-421E-4F61-A409-682490C35AEA}.Debug|Any CPU.Build.0 = Debug|Any CPU
		{D6833ECE-421E-4F61-A409-682490C35AEA}.Debug|Mixed Platforms.ActiveCfg = Debug|Any CPU
		{D6833ECE-421E-4F61-A409-682490C35AEA}.Debug|Mixed Platforms.Build.0 = Debug|Any CPU
		{D6833ECE-421E-4F61-A409-682490C35AEA}.Debug|x86.ActiveCfg = Debug|Any CPU
		{D6833ECE-421E-4F61-A409-682490C35AEA}.Debug|x86.Build.0 = Debug|Any CPU
		{D6833ECE-421E-4F61-A409-682490C35AEA}.Release|Any CPU.ActiveCfg = Release|Any CPU
		{D6833ECE-421E-4F61-A409-682490C35AEA}.Release|Any CPU.Build.0 = Release|Any CPU
		{D6833ECE-421E-4F61-A409-682490C35AEA}.Release|Mixed Platforms.ActiveCfg = Release|Any CPU
		{D6833ECE-421E-4F61-A409-682490C35AEA}.Release|Mixed Platforms.Build.0 = Release|Any CPU
		{D6833ECE-421E-4F61-A409-682490C35AEA}.Release|x86.ActiveCfg = Release|Any CPU
		{D6833ECE-421E-4F61-A409-682490C35AEA}.Release|x86.Build.0 = Release|Any CPU
		{DBE0D322-8575-47FE-B354-8A519C130BE6}.Debug|Any CPU.ActiveCfg = Debug|Any CPU
		{DBE0D322-8575-47FE-B354-8A519C130BE6}.Debug|Any CPU.Build.0 = Debug|Any CPU
		{DBE0D322-8575-47FE-B354-8A519C130BE6}.Debug|Mixed Platforms.ActiveCfg = Debug|Any CPU
		{DBE0D322-8575-47FE-B354-8A519C130BE6}.Debug|Mixed Platforms.Build.0 = Debug|Any CPU
		{DBE0D322-8575-47FE-B354-8A519C130BE6}.Debug|x86.ActiveCfg = Debug|Any CPU
		{DBE0D322-8575-47FE-B354-8A519C130BE6}.Debug|x86.Build.0 = Debug|Any CPU
		{DBE0D322-8575-47FE-B354-8A519C130BE6}.Release|Any CPU.ActiveCfg = Release|Any CPU
		{DBE0D322-8575-47FE-B354-8A519C130BE6}.Release|Any CPU.Build.0 = Release|Any CPU
		{DBE0D322-8575-47FE-B354-8A519C130BE6}.Release|Mixed Platforms.ActiveCfg = Release|Any CPU
		{DBE0D322-8575-47FE-B354-8A519C130BE6}.Release|Mixed Platforms.Build.0 = Release|Any CPU
		{DBE0D322-8575-47FE-B354-8A519C130BE6}.Release|x86.ActiveCfg = Release|Any CPU
		{DBE0D322-8575-47FE-B354-8A519C130BE6}.Release|x86.Build.0 = Release|Any CPU
		{DCB602F1-AF86-4BE1-8F1A-600C448A699A}.Debug|Any CPU.ActiveCfg = Debug|Any CPU
		{DCB602F1-AF86-4BE1-8F1A-600C448A699A}.Debug|Any CPU.Build.0 = Debug|Any CPU
		{DCB602F1-AF86-4BE1-8F1A-600C448A699A}.Debug|Mixed Platforms.ActiveCfg = Debug|Any CPU
		{DCB602F1-AF86-4BE1-8F1A-600C448A699A}.Debug|Mixed Platforms.Build.0 = Debug|Any CPU
		{DCB602F1-AF86-4BE1-8F1A-600C448A699A}.Debug|x86.ActiveCfg = Debug|Any CPU
		{DCB602F1-AF86-4BE1-8F1A-600C448A699A}.Debug|x86.Build.0 = Debug|Any CPU
		{DCB602F1-AF86-4BE1-8F1A-600C448A699A}.Release|Any CPU.ActiveCfg = Release|Any CPU
		{DCB602F1-AF86-4BE1-8F1A-600C448A699A}.Release|Any CPU.Build.0 = Release|Any CPU
		{DCB602F1-AF86-4BE1-8F1A-600C448A699A}.Release|Mixed Platforms.ActiveCfg = Release|Any CPU
		{DCB602F1-AF86-4BE1-8F1A-600C448A699A}.Release|Mixed Platforms.Build.0 = Release|Any CPU
		{DCB602F1-AF86-4BE1-8F1A-600C448A699A}.Release|x86.ActiveCfg = Release|Any CPU
		{DCB602F1-AF86-4BE1-8F1A-600C448A699A}.Release|x86.Build.0 = Release|Any CPU
	EndGlobalSection
	GlobalSection(SolutionProperties) = preSolution
		HideSolutionNode = FALSE
	EndGlobalSection
	GlobalSection(NestedProjects) = preSolution
		{4F1F649C-1020-45BE-A487-F416D9297FF3} = {B09156FB-8291-46A2-AF37-67CE97CFB5A6}
		{6BDA8332-939F-45B7-A25E-7A797260AE59} = {E4ACA93B-D3DE-4557-B069-F1DB42925A4B}
		{CCD7F2C9-6A2C-4CF0-8E89-076B8FC0F144} = {E4ACA93B-D3DE-4557-B069-F1DB42925A4B}
		{210541AD-F659-47DA-8763-16F36C5CD2F4} = {E4ACA93B-D3DE-4557-B069-F1DB42925A4B}
		{9A7B9344-6AD0-4828-876D-0BF14C177148} = {7881B112-7843-4542-B1F7-F99553FB9BB7}
		{75FD4163-333C-4DD5-854D-2EF294E45D94} = {B09156FB-8291-46A2-AF37-67CE97CFB5A6}
		{98CA7487-6ADE-4773-BD0A-29255F443236} = {7881B112-7843-4542-B1F7-F99553FB9BB7}
		{5422ED35-2808-4790-B5E6-C86A383B2874} = {7881B112-7843-4542-B1F7-F99553FB9BB7}
		{C2B83AF5-80F6-4B8C-8628-FA7DE10C3BB5} = {7881B112-7843-4542-B1F7-F99553FB9BB7}
		{446FED73-BCA1-4D8F-BC13-EA1507C7EF29} = {7881B112-7843-4542-B1F7-F99553FB9BB7}
		{9978B382-0BCD-4621-B6B5-52E0E3B5F464} = {7881B112-7843-4542-B1F7-F99553FB9BB7}
		{6DF00C56-EC49-4AB8-8B29-404E3694026C} = {7881B112-7843-4542-B1F7-F99553FB9BB7}
		{06C88D0B-A276-4D3D-8BE5-7C58BF3072E3} = {7881B112-7843-4542-B1F7-F99553FB9BB7}
		{560768D4-7E1D-4431-99F0-CC14C255E167} = {7881B112-7843-4542-B1F7-F99553FB9BB7}
		{493761CB-5190-4283-8C6C-A8CEB5450CAB} = {7881B112-7843-4542-B1F7-F99553FB9BB7}
		{4C0C889A-A3B2-43FA-824A-F529402C1BBF} = {7881B112-7843-4542-B1F7-F99553FB9BB7}
		{7B08DACB-8E11-416D-9DDF-B0EEF847A8ED} = {7881B112-7843-4542-B1F7-F99553FB9BB7}
		{2426B75D-23D4-41EF-8924-47650C8A18C7} = {7881B112-7843-4542-B1F7-F99553FB9BB7}
		{87013DC8-D032-465B-A950-753E4EB15502} = {7881B112-7843-4542-B1F7-F99553FB9BB7}
		{F9F61CE0-6FC0-43A5-930A-A27099F4DE44} = {7881B112-7843-4542-B1F7-F99553FB9BB7}
		{FD31C133-B4DE-4BB2-B327-1D0E2F2C95D4} = {E8FC6874-E230-468A-9685-4747354B92FF}
		{2FB1BE79-084E-4381-A913-74E18F174D64} = {7881B112-7843-4542-B1F7-F99553FB9BB7}
		{CF2A6564-C31D-4A2A-B42A-6BCA38F25219} = {7881B112-7843-4542-B1F7-F99553FB9BB7}
		{885D161D-78D8-4511-9DDE-C9FEECE8E71A} = {7881B112-7843-4542-B1F7-F99553FB9BB7}
		{80D363F0-C1C1-41CF-B7E0-11C6F6302D33} = {7881B112-7843-4542-B1F7-F99553FB9BB7}
		{741E2004-1B5E-46E3-A276-D00F791E0002} = {7881B112-7843-4542-B1F7-F99553FB9BB7}
		{37D71EC3-B183-4FB6-9146-FBC45CB414AF} = {7881B112-7843-4542-B1F7-F99553FB9BB7}
		{4586F789-5B03-4EB7-B4C0-22C1F3C1EC83} = {7881B112-7843-4542-B1F7-F99553FB9BB7}
		{7DD8C78D-E93E-4026-B34E-224AF219F2FE} = {7881B112-7843-4542-B1F7-F99553FB9BB7}
		{6057A19F-37A7-4DEF-A840-9210EE233758} = {7881B112-7843-4542-B1F7-F99553FB9BB7}
		{C4F791D4-0ED1-4F4B-A35A-3061432645ED} = {7881B112-7843-4542-B1F7-F99553FB9BB7}
		{02AEFEF1-C41E-40A9-8CC3-9A50B273607F} = {7881B112-7843-4542-B1F7-F99553FB9BB7}
		{3AED3D8A-58E2-42C1-AA38-99A0BCBC94C2} = {7881B112-7843-4542-B1F7-F99553FB9BB7}
		{5F5FD746-021C-467F-B725-72AC6976B8DF} = {7881B112-7843-4542-B1F7-F99553FB9BB7}
		{10DFF7B0-CEC5-4A5B-93D0-826E2674E2E1} = {7881B112-7843-4542-B1F7-F99553FB9BB7}
		{0A34763E-BD5E-4B0C-A3DD-8F95A80AF008} = {7881B112-7843-4542-B1F7-F99553FB9BB7}
		{7278FC2F-4AD5-458A-97F2-B75EBC3B7761} = {7881B112-7843-4542-B1F7-F99553FB9BB7}
		{9D0FDD1C-2F7C-4B03-87B2-2358BB8A89F7} = {7881B112-7843-4542-B1F7-F99553FB9BB7}
		{E959394F-EFD7-47C9-89EF-3D839AA23D9F} = {7881B112-7843-4542-B1F7-F99553FB9BB7}
		{F5607245-B5A8-45D9-BD1B-A87CCB477FB5} = {7881B112-7843-4542-B1F7-F99553FB9BB7}
		{CC1F3B24-FE77-4EFD-AA25-489F1C07B383} = {7881B112-7843-4542-B1F7-F99553FB9BB7}
		{C13629FB-6434-45E6-B8A8-3379CE1BEF03} = {7881B112-7843-4542-B1F7-F99553FB9BB7}
		{9CFB55A0-1EFC-45C3-B498-16842CC58F44} = {7881B112-7843-4542-B1F7-F99553FB9BB7}
		{D02FF5A2-AAC8-456F-B972-C122D50D584C} = {7881B112-7843-4542-B1F7-F99553FB9BB7}
		{B599C8C5-E187-4C88-BBF8-0E8F7D50E9AD} = {7881B112-7843-4542-B1F7-F99553FB9BB7}
		{E1940725-BC89-4148-A232-750A3AA4E9CC} = {7881B112-7843-4542-B1F7-F99553FB9BB7}
		{69F777FB-18D7-4B51-AE3C-06047C6374DE} = {7881B112-7843-4542-B1F7-F99553FB9BB7}
		{BBD07086-9713-4FC4-96F1-1A6568D64451} = {7881B112-7843-4542-B1F7-F99553FB9BB7}
		{A9CCDBAE-CB07-4F0A-AF38-9D72E3AD8C2E} = {7881B112-7843-4542-B1F7-F99553FB9BB7}
		{B67148D8-4B9D-4EC3-8A72-960F34210023} = {7881B112-7843-4542-B1F7-F99553FB9BB7}
		{0D5B9139-FF5C-49A3-9B49-295670DE6A56} = {7881B112-7843-4542-B1F7-F99553FB9BB7}
		{AB0B9A7A-C54B-443C-94DF-65CCE8EC5DE8} = {7881B112-7843-4542-B1F7-F99553FB9BB7}
		{DB884AF5-2F93-41A0-9AC0-F5DD8122015D} = {7881B112-7843-4542-B1F7-F99553FB9BB7}
		{A3FB9AE0-1A6C-402E-AD73-C384F271D6B9} = {7881B112-7843-4542-B1F7-F99553FB9BB7}
		{42F556E6-FBF9-44A5-93B9-C7D51144FA97} = {7881B112-7843-4542-B1F7-F99553FB9BB7}
		{F1CEB98E-5BE5-4F71-8EAC-4B286323EF69} = {7881B112-7843-4542-B1F7-F99553FB9BB7}
		{339BC752-B2BF-4DB1-BE1F-D66046EDC1F6} = {7881B112-7843-4542-B1F7-F99553FB9BB7}
		{BB5E1018-C194-452B-BE57-EE15D73F8273} = {7881B112-7843-4542-B1F7-F99553FB9BB7}
		{D6833ECE-421E-4F61-A409-682490C35AEA} = {7881B112-7843-4542-B1F7-F99553FB9BB7}
		{DBE0D322-8575-47FE-B354-8A519C130BE6} = {7881B112-7843-4542-B1F7-F99553FB9BB7}
		{DCB602F1-AF86-4BE1-8F1A-600C448A699A} = {7881B112-7843-4542-B1F7-F99553FB9BB7}
	EndGlobalSection
	GlobalSection(ExtensibilityGlobals) = postSolution
		SolutionGuid = {EE72A8B2-332A-4175-9319-6726D36E9D25}
	EndGlobalSection
	GlobalSection(NDepend) = preSolution
		Project = ".\NopCommerce.ndproj"
	EndGlobalSection
EndGlobal
